# This file is automatically @generated by Cargo.
# It is not intended for manual editing.
version = 4

[[package]]
name = "padnote-asr"
version = "0.1.0"

[[package]]
name = "padnote-bench"
version = "0.1.0"

[[package]]
name = "padnote-core"
version = "0.1.0"
dependencies = [
 "padnote-asr",
 "padnote-doc",
 "padnote-ink",
 "padnote-recognize",
 "padnote-sync",
]

[[package]]
name = "padnote-crypto"
version = "0.1.0"

[[package]]
name = "padnote-doc"
version = "0.1.0"

[[package]]
name = "padnote-ink"
version = "0.1.0"
dependencies = [
 "padnote-doc",
]

[[package]]
name = "padnote-recognize"
version = "0.1.0"

[[package]]
name = "padnote-render"
version = "0.1.0"

[[package]]
name = "padnote-search"
version = "0.1.0"

[[package]]
name = "padnote-storage"
version = "0.1.0"

[[package]]
name = "padnote-sync"
version = "0.1.0"
dependencies = [
 "padnote-doc",
]
