// !$*UTF8*$!
{
	archiveVersion = 1;
	classes = {
	};
	objectVersion = 77;
	objects = {

/* Begin PBXBuildFile section */
		023C029A763DC77377F7804E /* HomeWorkbenchUsage.swift in Sources */ = {isa = PBXBuildFile; fileRef = AB04C4FA3426304F705E5046 /* HomeWorkbenchUsage.swift */; };
		039E98A3BC24169C1031EC94 /* SeedContent.swift in Sources */ = {isa = PBXBuildFile; fileRef = EE084F883D6D8A652CD86063 /* SeedContent.swift */; };
		04A2C2BA6EE78D99402F87AD /* InkInterop.swift in Sources */ = {isa = PBXBuildFile; fileRef = 893FBBAA69ABDE7B5D03BDA9 /* InkInterop.swift */; };
		0B1742B04E12553332EF15CC /* NoteShapeTests.swift in Sources */ = {isa = PBXBuildFile; fileRef = BC0776567843FC6C74C2A9C0 /* NoteShapeTests.swift */; };
		0D7E2AFBD2E9D88478C4DC9B /* ObjectRotationControls.swift in Sources */ = {isa = PBXBuildFile; fileRef = BFC2EC4F24CB728264AB91A5 /* ObjectRotationControls.swift */; };
		0EE7F03B3191160516BF1CFA /* RecordingMigration.swift in Sources */ = {isa = PBXBuildFile; fileRef = 68A635D915554C60E116768E /* RecordingMigration.swift */; };
		10BA1BD57CA8F89E29F7E905 /* TableFormulaEvaluator.swift in Sources */ = {isa = PBXBuildFile; fileRef = AB9ADD02C399D5D1AD079D72 /* TableFormulaEvaluator.swift */; };
		10FB036C7B09279D8B7F1D0E /* AccountSyncStore.swift in Sources */ = {isa = PBXBuildFile; fileRef = 6CEFD1F0AF714DC269A5E144 /* AccountSyncStore.swift */; };
		115AA723F107721EC68777AA /* RadialMarkMenuView.swift in Sources */ = {isa = PBXBuildFile; fileRef = 2E8568739E3C10539C54B9DC /* RadialMarkMenuView.swift */; };
		11EC21E67ADCC9E01F0DFF69 /* ObjectLayerTests.swift in Sources */ = {isa = PBXBuildFile; fileRef = 6C2FF9AF4DA70CC155EC6704 /* ObjectLayerTests.swift */; };
		15EF2E5BABD94BB93C76CC00 /* ObjectFrameStyleTests.swift in Sources */ = {isa = PBXBuildFile; fileRef = 9A6E8DF2429CC830E9AF5BB6 /* ObjectFrameStyleTests.swift */; };
		1946E25FC27F2BD84C08F133 /* CloudSyncFolderTests.swift in Sources */ = {isa = PBXBuildFile; fileRef = 731CDDC574A6D78F0621BA61 /* CloudSyncFolderTests.swift */; };
		1A9A173ECB3A4D6FF5470F6D /* AppCommandTests.swift in Sources */ = {isa = PBXBuildFile; fileRef = 851A8A998279271B01471E88 /* AppCommandTests.swift */; };
		1CC2292EB91628D7287E4780 /* ScreenAudit.swift in Sources */ = {isa = PBXBuildFile; fileRef = 6E69D62954A410C548C81F3A /* ScreenAudit.swift */; };
		1DD235EF0430767F0F67610E /* PageGeometry.swift in Sources */ = {isa = PBXBuildFile; fileRef = 4F6548BCB85682AC49CE9184 /* PageGeometry.swift */; };
		1DDFAAA370E83E55EEE5AF28 /* DriveHttpClient.swift in Sources */ = {isa = PBXBuildFile; fileRef = 5B73641F0EA64C1F1B559616 /* DriveHttpClient.swift */; };
		1E1747CEA9F8FB95CC222C4A /* LocalizationManager.swift in Sources */ = {isa = PBXBuildFile; fileRef = 7617B23BC996C4B427F52EB4 /* LocalizationManager.swift */; };
		1E31AD89CA8BEB732ADA8899 /* CanvasGestureTests.swift in Sources */ = {isa = PBXBuildFile; fileRef = 0345B65C7AA3708D3D2EC807 /* CanvasGestureTests.swift */; };
		20C4A906FABED733ED590D60 /* ICloudSyncFolder.swift in Sources */ = {isa = PBXBuildFile; fileRef = 35D8819970FB01956E474387 /* ICloudSyncFolder.swift */; };
		217E215B83C504FCE5C456D8 /* CoreAudioCapture.swift in Sources */ = {isa = PBXBuildFile; fileRef = 6463C70AA04DAF58FFD603B8 /* CoreAudioCapture.swift */; };
		24821FE7BF1A47236810F7C3 /* CollaborationCryptoTests.swift in Sources */ = {isa = PBXBuildFile; fileRef = 8C72D6725F62578D0DDD6EFB /* CollaborationCryptoTests.swift */; };
		260CDAF04744DB75E570A1F3 /* ObjectLayerPanel.swift in Sources */ = {isa = PBXBuildFile; fileRef = 94384F7616936803E2A4DAB3 /* ObjectLayerPanel.swift */; };
		2823612B8F3A376A45042712 /* PageThumbnailRenderer.swift in Sources */ = {isa = PBXBuildFile; fileRef = 02895D54063C3AA4B5D30463 /* PageThumbnailRenderer.swift */; };
		2CD22470357DA2E190D83DBF /* GoogleAuth.swift in Sources */ = {isa = PBXBuildFile; fileRef = CCBD6EB2E871A9532370A15B /* GoogleAuth.swift */; };
		3054D36A50503BD7EC24C84C /* FloatingToolPill.swift in Sources */ = {isa = PBXBuildFile; fileRef = 49C432411765C8C4D7362EA7 /* FloatingToolPill.swift */; };
		31303FA237927EC5B53EFE38 /* AssetLibraryView.swift in Sources */ = {isa = PBXBuildFile; fileRef = A351D8EB2219ECF83FF78645 /* AssetLibraryView.swift */; };
		33C06FCCD5F5DF767E8DCA25 /* PalmThresholdSheet.swift in Sources */ = {isa = PBXBuildFile; fileRef = FD3609DAFC6CD0A448F250C1 /* PalmThresholdSheet.swift */; };
		3CFD6D8CF0C7C32DF12770A2 /* DeadControlSurvey.swift in Sources */ = {isa = PBXBuildFile; fileRef = D2E4B63FC00CBE41E1C67031 /* DeadControlSurvey.swift */; };
		44F395EF97582BCF2480ECDD /* BackupManagerTests.swift in Sources */ = {isa = PBXBuildFile; fileRef = 473B5EDC9DF95F4358F83CFB /* BackupManagerTests.swift */; };
		4514902261D4A927D6FBC105 /* Templates in Resources */ = {isa = PBXBuildFile; fileRef = 2A2253FE74C35178B0F901C8 /* Templates */; };
		4739A382D63316D061431753 /* BrushCursorTests.swift in Sources */ = {isa = PBXBuildFile; fileRef = B36AD7F19677B4F27E94262B /* BrushCursorTests.swift */; };
		476A452C0006DB556DE70790 /* ShapeStudioView.swift in Sources */ = {isa = PBXBuildFile; fileRef = 2A90E6661A2C0079EE609AFA /* ShapeStudioView.swift */; };
		4778715DC0B3FB2B8CAB004B /* padnote_core.swift in Sources */ = {isa = PBXBuildFile; fileRef = 28A8E33C21E81EED174CEBA3 /* padnote_core.swift */; };
		499550DA23C61C95EC0BB640 /* TableAppearance.swift in Sources */ = {isa = PBXBuildFile; fileRef = 8E824B2D4C00682C282AEF8E /* TableAppearance.swift */; };
		4DF85F141ECE9CBA9B5E2105 /* PdfKitDocumentTests.swift in Sources */ = {isa = PBXBuildFile; fileRef = 420CDB8E187D7BF4EB48CB2E /* PdfKitDocumentTests.swift */; };
		4E956F4EA57EA9FAED4B8EEB /* MathCalculatorSheet.swift in Sources */ = {isa = PBXBuildFile; fileRef = 5DEEDC3EBFC3C910FFC5735C /* MathCalculatorSheet.swift */; };
		512B7389435793F9304B338D /* PalmRejection.swift in Sources */ = {isa = PBXBuildFile; fileRef = 1064607D4E02AABFD6A63F53 /* PalmRejection.swift */; };
		55B00291EB5DC3259C49B3E9 /* PackageRoundTripTests.swift in Sources */ = {isa = PBXBuildFile; fileRef = 5E0D07EB41098C2C0F9A8E37 /* PackageRoundTripTests.swift */; };
		57C009B329081703B31BB1EE /* CanvasScrollbar.swift in Sources */ = {isa = PBXBuildFile; fileRef = 5B72B2C88A99AD52C89B0787 /* CanvasScrollbar.swift */; };
		582629D6ADA3FCAEA7E65830 /* PdfKitDocument.swift in Sources */ = {isa = PBXBuildFile; fileRef = 43B5E732D6E01F9549B1147D /* PdfKitDocument.swift */; };
		5CAB796342EDFFC2A302A2A5 /* AutoSyncController.swift in Sources */ = {isa = PBXBuildFile; fileRef = CC38A8D206CF6F7CDF0CEEDE /* AutoSyncController.swift */; };
		5D1C65B2E7840C00F8861C94 /* ChartRenderer.swift in Sources */ = {isa = PBXBuildFile; fileRef = 20B46B97CCF8127EEE4BD4ED /* ChartRenderer.swift */; };
		5DB9A9B4DBCC7AABAB0B76CC /* ChartStudioTests.swift in Sources */ = {isa = PBXBuildFile; fileRef = ADB3B259C241361F259FE9CD /* ChartStudioTests.swift */; };
		5E462BD80D8FEADB96FA1CAE /* CloudSyncFolder.swift in Sources */ = {isa = PBXBuildFile; fileRef = 6D92ABBF09268BEEA4DD694D /* CloudSyncFolder.swift */; };
		608CBD1AAF5601AE8EB73CCB /* NoteTableTests.swift in Sources */ = {isa = PBXBuildFile; fileRef = 0FE426D9CEBCB2E74598C365 /* NoteTableTests.swift */; };
		60DD6270EBD20EC1C9DE009F /* StrokeDelta.swift in Sources */ = {isa = PBXBuildFile; fileRef = 554BBC1A7380B5D3506557DF /* StrokeDelta.swift */; };
		613D0C4337E03D7899725FA7 /* SmokeUITests.swift in Sources */ = {isa = PBXBuildFile; fileRef = DC6D1F547D3EA6FBF9266760 /* SmokeUITests.swift */; };
		6142C12FB584E6D8D7B38221 /* CollaborationSheet.swift in Sources */ = {isa = PBXBuildFile; fileRef = 0FF2EC412BA37683FBBE2FC1 /* CollaborationSheet.swift */; };
		633B552A6948F3E66E5C7DCD /* ImageDropPlacement.swift in Sources */ = {isa = PBXBuildFile; fileRef = 52BB9EE17D04DDC7ACA3D7C2 /* ImageDropPlacement.swift */; };
		63CF92B9165F66506D660059 /* PageImageRendererTests.swift in Sources */ = {isa = PBXBuildFile; fileRef = E9016EACE65CDA75A37567CE /* PageImageRendererTests.swift */; };
		643674D7CEE546261D15F308 /* ExportPrintManager.swift in Sources */ = {isa = PBXBuildFile; fileRef = E7BBB164B4ED22BB56939A40 /* ExportPrintManager.swift */; };
		6444B0470BC928731D0F99F5 /* PageDeletionTests.swift in Sources */ = {isa = PBXBuildFile; fileRef = 8E2366585C08FE826ADFEB01 /* PageDeletionTests.swift */; };
		65B2ADC8B553B1BE9708540A /* PenHoverPreview.swift in Sources */ = {isa = PBXBuildFile; fileRef = 0013D28CD49B4181F40017F3 /* PenHoverPreview.swift */; };
		67CF9DE54436AC7DD3FF5065 /* NotebookMigration.swift in Sources */ = {isa = PBXBuildFile; fileRef = 1C19329463E6F6E313A0F1DB /* NotebookMigration.swift */; };
		6849D8D81A0F512DCC4FC8E8 /* InsertToolsAudit.swift in Sources */ = {isa = PBXBuildFile; fileRef = 831C71226B45B48B268CE8F6 /* InsertToolsAudit.swift */; };
		68C1811CB88877353FF14D31 /* CStubs.c in Sources */ = {isa = PBXBuildFile; fileRef = 26F09C378F9F1B6835D9ECB2 /* CStubs.c */; };
		6EB543F097562AD8E0751343 /* StrokeWidthSlider.swift in Sources */ = {isa = PBXBuildFile; fileRef = F3111941E411F546450CCE85 /* StrokeWidthSlider.swift */; };
		6F06E6527CA4B83E42449AE8 /* OpusAudioPlayer.swift in Sources */ = {isa = PBXBuildFile; fileRef = B3CEDDA81C7A0784D31A451C /* OpusAudioPlayer.swift */; };
		708160431AB7514FC43ECF76 /* NotebookUnlockSheet.swift in Sources */ = {isa = PBXBuildFile; fileRef = 4E3EF3928D3630E321C01133 /* NotebookUnlockSheet.swift */; };
		718C3BE123192CC4792EB80C /* ObjectStacking.swift in Sources */ = {isa = PBXBuildFile; fileRef = DA14AB7B6F3436E39B58DAA1 /* ObjectStacking.swift */; };
		723A25DA76A24DB5650DCDAA /* LinkPreviewEngine.swift in Sources */ = {isa = PBXBuildFile; fileRef = 0B829DBCA4D5374715A49087 /* LinkPreviewEngine.swift */; };
		7538D1239BB959B0B15C6C66 /* PageBackgroundRepresentable.swift in Sources */ = {isa = PBXBuildFile; fileRef = 6FF4AA82DF5A02A09AE79B7E /* PageBackgroundRepresentable.swift */; };
		76EF37A06B04F6D7A9744A1A /* SyncHistory.swift in Sources */ = {isa = PBXBuildFile; fileRef = 4288BEA56B9807F516BC7541 /* SyncHistory.swift */; };
		778281F00A39E42DC02254A7 /* TableStudioView.swift in Sources */ = {isa = PBXBuildFile; fileRef = 61C6C10FAD15645C91E246C0 /* TableStudioView.swift */; };
		7B6B71CF69CE9F1C2CB2E953 /* DocumentViewerSheet.swift in Sources */ = {isa = PBXBuildFile; fileRef = 59E46CD750DA486212251DC0 /* DocumentViewerSheet.swift */; };
		7BF616F79113EDEF36132B11 /* WordTextStudioView.swift in Sources */ = {isa = PBXBuildFile; fileRef = F30959766B1D00F248AD7D2D /* WordTextStudioView.swift */; };
		7CD26610B793C018800B8B49 /* FeatureHint.swift in Sources */ = {isa = PBXBuildFile; fileRef = F165F09A8FEE2E882FD9107C /* FeatureHint.swift */; };
		7D6DE78DB8869CDC8006E534 /* PageImageRenderer.swift in Sources */ = {isa = PBXBuildFile; fileRef = DE6B5FAD884A88C837DD9BF2 /* PageImageRenderer.swift */; };
		7DB76F0C390DA40B48AC10F9 /* AudioRecorderManager.swift in Sources */ = {isa = PBXBuildFile; fileRef = 8FEF2B249C62AD4AE2E3C246 /* AudioRecorderManager.swift */; };
		8677E2062758DE5EA2EEE87F /* TextBoxAppearance.swift in Sources */ = {isa = PBXBuildFile; fileRef = 7418A9EE9E549FC11AB793EF /* TextBoxAppearance.swift */; };
		879124F0C755B79F15C42FE5 /* ProColorWheelView.swift in Sources */ = {isa = PBXBuildFile; fileRef = 74F41D2B41DD153EEA524BBC /* ProColorWheelView.swift */; };
		880DCFF8C76BF936EADB63DF /* NotebookEditorView.swift in Sources */ = {isa = PBXBuildFile; fileRef = 9E0D4938AD7ED09F531105A2 /* NotebookEditorView.swift */; };
		891B35800C7FEFD3421B7293 /* ProColorPickerSheet.swift in Sources */ = {isa = PBXBuildFile; fileRef = 824AF14643DF914996543B0B /* ProColorPickerSheet.swift */; };
		8B7009124FD56264BEA6268D /* PageRepaginationTests.swift in Sources */ = {isa = PBXBuildFile; fileRef = 7D2A6B1E41A4693B543BEDCB /* PageRepaginationTests.swift */; };
		8C664C6515AEE123F5150344 /* PageOrderTests.swift in Sources */ = {isa = PBXBuildFile; fileRef = 3C0468278DE21C442DB88E1F /* PageOrderTests.swift */; };
		8CBE67FB1F6A87103F12949F /* NoteTable.swift in Sources */ = {isa = PBXBuildFile; fileRef = C1C81A31EBC2D3D1F020B0BF /* NoteTable.swift */; };
		91FC0D28445F73F9D4685CE7 /* ConformanceVectorTests.swift in Sources */ = {isa = PBXBuildFile; fileRef = 067CE78048E5C142AD56E841 /* ConformanceVectorTests.swift */; };
		95A26994BC9D5BCCF7291E2F /* CommentThreadView.swift in Sources */ = {isa = PBXBuildFile; fileRef = 205572122F598A01BD07BC2A /* CommentThreadView.swift */; };
		978CADAB7182E4DCAB4F9372 /* DocumentTemplateTests.swift in Sources */ = {isa = PBXBuildFile; fileRef = B8F51C245CED14D4079BC5B4 /* DocumentTemplateTests.swift */; };
		99B29892A3970C9ADBADEB7E /* PalmRejectionTests.swift in Sources */ = {isa = PBXBuildFile; fileRef = F85F010611BBEED2B2DF9AC3 /* PalmRejectionTests.swift */; };
		9BCE1D88DD79DE3FD381D46D /* ImageEditControls.swift in Sources */ = {isa = PBXBuildFile; fileRef = 29BFE1D24D00A1328C62BA89 /* ImageEditControls.swift */; };
		9C2756ABBB3E04433C88F83B /* ExportFidelityTests.swift in Sources */ = {isa = PBXBuildFile; fileRef = 3A779F6ADCC3B71D4D84A687 /* ExportFidelityTests.swift */; };
		9F2B0BAAA1DE545936528DA8 /* NotebookSyncCoordinator.swift in Sources */ = {isa = PBXBuildFile; fileRef = D76C7E92895F6C4334996D92 /* NotebookSyncCoordinator.swift */; };
		9F575A6A1D60950F27CB7642 /* StickerCatalogue.swift in Sources */ = {isa = PBXBuildFile; fileRef = 1FECFA7F2244CC1719BB6AC9 /* StickerCatalogue.swift */; };
		9F604F0E1403CBF029FDB93A /* LocalRelayServer.swift in Sources */ = {isa = PBXBuildFile; fileRef = 0FFA100928CD3224E43D7382 /* LocalRelayServer.swift */; };
		9FC47E009EE588F6F00894D8 /* NoteShape.swift in Sources */ = {isa = PBXBuildFile; fileRef = DBEA4CFB130D285D67B343EC /* NoteShape.swift */; };
		A0891031C863515619834B95 /* screens.json in Resources */ = {isa = PBXBuildFile; fileRef = A9BDC186936848C633E8A225 /* screens.json */; };
		A197C8D478B487947E83A0FF /* NoteIntelligenceTests.swift in Sources */ = {isa = PBXBuildFile; fileRef = 7502EE0A779A48FD748C7A1C /* NoteIntelligenceTests.swift */; };
		A1A85C1177A4D0D659AED373 /* NoteIntelligence.swift in Sources */ = {isa = PBXBuildFile; fileRef = 56D3BCE203ED4099F1E71EFB /* NoteIntelligence.swift */; };
		A44EE7C0B4F7E4620207AD56 /* WordDocumentEditorView.swift in Sources */ = {isa = PBXBuildFile; fileRef = B9BFDAE4EA9BBA2EA8438447 /* WordDocumentEditorView.swift */; };
		A4E78AFAEE5B0C91C172F7AC /* TextBoxMetrics.swift in Sources */ = {isa = PBXBuildFile; fileRef = 07F27CA2672052EAEA15EBF5 /* TextBoxMetrics.swift */; };
		A63608E6DD600F35CB565FE4 /* PadnoteCore.xcframework in Frameworks */ = {isa = PBXBuildFile; fileRef = 7245DE41B9104E9F47F0C21B /* PadnoteCore.xcframework */; };
		AAA8F61705854E2C0B7294DE /* DesignSystem.swift in Sources */ = {isa = PBXBuildFile; fileRef = B4741BF2C2C92CDA117AEE5E /* DesignSystem.swift */; };
		AC68B6EC6A6BA0BF03560351 /* InkLatencyMeter.swift in Sources */ = {isa = PBXBuildFile; fileRef = 00CDBBB784601FDFB342136D /* InkLatencyMeter.swift */; };
		AFE9F37C2A119458E52BA13C /* ChartSpec.swift in Sources */ = {isa = PBXBuildFile; fileRef = 8CDA20E9C287F58F4315EA3C /* ChartSpec.swift */; };
		AFF32DB932FC4031A86B8F57 /* MaterialEngine.swift in Sources */ = {isa = PBXBuildFile; fileRef = 51E8541179F28A49C13A1967 /* MaterialEngine.swift */; };
		B0078B7EFE63AC61A9459A23 /* NotebookPackageBridgeTests.swift in Sources */ = {isa = PBXBuildFile; fileRef = B05DE382C8B7C4EE39BD076B /* NotebookPackageBridgeTests.swift */; };
		B09B7D4D3FA9CB33C0E89FE0 /* LocalizationStrings.generated.swift in Sources */ = {isa = PBXBuildFile; fileRef = F65D4DD5D5DF9A56132D032E /* LocalizationStrings.generated.swift */; };
		B0A3045EEDEA33E102E52D82 /* NotebookPackageBridge.swift in Sources */ = {isa = PBXBuildFile; fileRef = A09B19AED1DC70D31503F82C /* NotebookPackageBridge.swift */; };
		B0D47F59443CA7009A7EC043 /* ContinuousPagesView.swift in Sources */ = {isa = PBXBuildFile; fileRef = 6A0C24F3FD1D464196490E2D /* ContinuousPagesView.swift */; };
		B281348DEEE6A0978642DF8D /* BrushCursor.swift in Sources */ = {isa = PBXBuildFile; fileRef = 7A2F8130E223B0B02F303F80 /* BrushCursor.swift */; };
		B3DFF4CFC65E91FEEA6AA7B4 /* HomeWorkbenchView.swift in Sources */ = {isa = PBXBuildFile; fileRef = 236D7B7260C10A27D9EA3771 /* HomeWorkbenchView.swift */; };
		B427747146A395C471480C6C /* ExportPreviewSheet.swift in Sources */ = {isa = PBXBuildFile; fileRef = C0957AAFF21A2EF4C121E63E /* ExportPreviewSheet.swift */; };
		B461E05D52232C76413B2DB2 /* Docs in Resources */ = {isa = PBXBuildFile; fileRef = B7FE882F90D6ABA99E0820BF /* Docs */; };
		B93880F17A79F17C6474B133 /* ToolbarCustomization.swift in Sources */ = {isa = PBXBuildFile; fileRef = DC162947E9D0CD0579D7848B /* ToolbarCustomization.swift */; };
		BBA19BDEFC495AD7A5BDD2F4 /* BundledDocumentTests.swift in Sources */ = {isa = PBXBuildFile; fileRef = A0A240F9E5D8ED4900468913 /* BundledDocumentTests.swift */; };
		BBA43DAF3585326259C48FE6 /* AppVersion.swift in Sources */ = {isa = PBXBuildFile; fileRef = D059ACC4F96D906F5A18970D /* AppVersion.swift */; };
		BCF67AEC6E3360B45CBC8631 /* AudioTranscriber.swift in Sources */ = {isa = PBXBuildFile; fileRef = 186DAB55422E783F9C99DE02 /* AudioTranscriber.swift */; };
		C044A047B1B4C1D3497CE747 /* SmartMagneticSnap.swift in Sources */ = {isa = PBXBuildFile; fileRef = 1E261E85D19A557BE54973BB /* SmartMagneticSnap.swift */; };
		C05676D24779BAF45BAC8F55 /* NotebookMigrationTests.swift in Sources */ = {isa = PBXBuildFile; fileRef = 8D5E17BFDAA4C24704903AF0 /* NotebookMigrationTests.swift */; };
		C1263F774996D8A32718A1FF /* ImageAppearance.swift in Sources */ = {isa = PBXBuildFile; fileRef = DFCDD31E1D415BEFE8FB47D5 /* ImageAppearance.swift */; };
		C16EE73071EAB3F1FE89B776 /* NotebookPlainText.swift in Sources */ = {isa = PBXBuildFile; fileRef = 3BD868328B64B9FB88406FB9 /* NotebookPlainText.swift */; };
		C1A7C585E17B35EF60632C65 /* AccountManager.swift in Sources */ = {isa = PBXBuildFile; fileRef = 76577BBB3DC564A4B287380C /* AccountManager.swift */; };
		C36BFAF3FE04CD8474F55984 /* MacReleaseConfigTests.swift in Sources */ = {isa = PBXBuildFile; fileRef = 621C052FCB25E32FBB633BE3 /* MacReleaseConfigTests.swift */; };
		C54CB75E7D13D0F98B966CC0 /* ChartStudioView.swift in Sources */ = {isa = PBXBuildFile; fileRef = 86EC0F8038D34C787D2A729D /* ChartStudioView.swift */; };
		C55F400179E7174C52F3821F /* NotebookSearchIndex.swift in Sources */ = {isa = PBXBuildFile; fileRef = CB1466C3AB0C78C44ED34AB8 /* NotebookSearchIndex.swift */; };
		C5671A19EAB4341D97B24DED /* ImageDropPlacementTests.swift in Sources */ = {isa = PBXBuildFile; fileRef = D92F2373941302ED5F5C66CD /* ImageDropPlacementTests.swift */; };
		C5C788E40414F0CEBD323695 /* ObjectFrameStyleMenu.swift in Sources */ = {isa = PBXBuildFile; fileRef = 29C630A29EC3E773EF130E2D /* ObjectFrameStyleMenu.swift */; };
		C6ED27B0A6A534EF825F6F5A /* DocumentTemplateCatalog.swift in Sources */ = {isa = PBXBuildFile; fileRef = 6A934F46156BC32DC1149F62 /* DocumentTemplateCatalog.swift */; };
		C9792F66F734F3441E471BE4 /* InkInteropTests.swift in Sources */ = {isa = PBXBuildFile; fileRef = 691C8F15D077838E27650DFC /* InkInteropTests.swift */; };
		CC6E899FF912FD65D58573B3 /* NoteIntelligenceSheet.swift in Sources */ = {isa = PBXBuildFile; fileRef = E90D65B77C9075837E5F50D2 /* NoteIntelligenceSheet.swift */; };
		CF102CC89EA1C12A585B1C6C /* SketchRefineEngine.swift in Sources */ = {isa = PBXBuildFile; fileRef = 3D05E57F469CF735B91FC514 /* SketchRefineEngine.swift */; };
		CFEC94B2A58A067F88A1BBC7 /* StartupLogger.swift in Sources */ = {isa = PBXBuildFile; fileRef = A315B137252D82142C8E4452 /* StartupLogger.swift */; };
		D22176F0157CE8624CA7590B /* PenHardware.swift in Sources */ = {isa = PBXBuildFile; fileRef = F9BA3DC03F5BD38348D5D9DE /* PenHardware.swift */; };
		D259D790432BD38F30537209 /* ToolbarSeparator.swift in Sources */ = {isa = PBXBuildFile; fileRef = DC7046379C24B0D590B6F0E8 /* ToolbarSeparator.swift */; };
		D325D948BEE1CAF365D97515 /* AudioAttachment.swift in Sources */ = {isa = PBXBuildFile; fileRef = 4BA1621FF70166498E5FC736 /* AudioAttachment.swift */; };
		D4DC7A6656276B57938A4F09 /* HoverHighlight.swift in Sources */ = {isa = PBXBuildFile; fileRef = 405C79E461A1D1A0AC7BE206 /* HoverHighlight.swift */; };
		D6CF28F060E9D4456754E70D /* DynamicPortalIsland.swift in Sources */ = {isa = PBXBuildFile; fileRef = 5A7C268EF0A001760D3A7C02 /* DynamicPortalIsland.swift */; };
		D6D9011F4AF3BF8A23D4E72C /* SidebarMetrics.swift in Sources */ = {isa = PBXBuildFile; fileRef = 774D27C6F512E16A8C9D57ED /* SidebarMetrics.swift */; };
		D75487376DA755EFFAD879F0 /* DocumentTemplateApply.swift in Sources */ = {isa = PBXBuildFile; fileRef = 6C5E7D8CE394BD3B16FD57B5 /* DocumentTemplateApply.swift */; };
		D88846691483243AC43A8668 /* NotebookMeta.swift in Sources */ = {isa = PBXBuildFile; fileRef = 7187AC2B18533F28DABBB98A /* NotebookMeta.swift */; };
		DA19398422DF402A5ABB16F7 /* TableStudioLayoutTests.swift in Sources */ = {isa = PBXBuildFile; fileRef = 5C7088E4DBE1611C3E697B4A /* TableStudioLayoutTests.swift */; };
		DA44B3DD53605C6DD39E5FB2 /* NotebookSyncCoordinatorTests.swift in Sources */ = {isa = PBXBuildFile; fileRef = A8100BDADD9AD9C5BFAE24EC /* NotebookSyncCoordinatorTests.swift */; };
		DA9086448B1E257FEC002D07 /* ThemeSpecificToolsView.swift in Sources */ = {isa = PBXBuildFile; fileRef = DC2F0D7F265BF495CF6D7B79 /* ThemeSpecificToolsView.swift */; };
		E0532F9BC5722231EB7E6779 /* ModelDownloadManager.swift in Sources */ = {isa = PBXBuildFile; fileRef = 3CD7D7A2AF99E159697538C0 /* ModelDownloadManager.swift */; };
		E0D45411D9DA6F64C164070A /* AccessibilityLabelTests.swift in Sources */ = {isa = PBXBuildFile; fileRef = 1C02304CC3521585A1142449 /* AccessibilityLabelTests.swift */; };
		E26B4411597679C8486D535D /* RecentTemplates.swift in Sources */ = {isa = PBXBuildFile; fileRef = B2929D89A7985F84100FDB68 /* RecentTemplates.swift */; };
		E3842272FC4874968EB1DD2C /* NotebookSearchTests.swift in Sources */ = {isa = PBXBuildFile; fileRef = 843458EEF60FCF8BD686B73F /* NotebookSearchTests.swift */; };
		E3A9312FAEBA705BEA9FA720 /* NotebookEncryptionSheet.swift in Sources */ = {isa = PBXBuildFile; fileRef = 299963A100092694C08E3978 /* NotebookEncryptionSheet.swift */; };
		E4B93CFE05CF96BF2F488812 /* AppCommands.swift in Sources */ = {isa = PBXBuildFile; fileRef = 58A59801CFFFC6CE7230C128 /* AppCommands.swift */; };
		E77C6702EE266A8D0B24EA19 /* PageRepagination.swift in Sources */ = {isa = PBXBuildFile; fileRef = 74C26B5B3A37A7FBDAABA8A7 /* PageRepagination.swift */; };
		E8F3A38363417DE23F896842 /* PageGuideRenderer.swift in Sources */ = {isa = PBXBuildFile; fileRef = B9DFE7E365BA2170726481B9 /* PageGuideRenderer.swift */; };
		E9221BA20E33E8501513541A /* InkLatencyMeterTests.swift in Sources */ = {isa = PBXBuildFile; fileRef = 3CF52FA26FE1FF9A388527D6 /* InkLatencyMeterTests.swift */; };
		EA5494E606E6326E6BAEB42C /* HandwritingRecognizer.swift in Sources */ = {isa = PBXBuildFile; fileRef = 6923436682B5101DB7AF5FAA /* HandwritingRecognizer.swift */; };
		EB15B2D411DC5BA9B5335B94 /* Assets.xcassets in Resources */ = {isa = PBXBuildFile; fileRef = 9DEABFE677080C2925F1968D /* Assets.xcassets */; };
		EBB0282BC8BEC636B952FE2C /* CollaborationManager.swift in Sources */ = {isa = PBXBuildFile; fileRef = 44D061C8E2977FB257C12E81 /* CollaborationManager.swift */; };
		ED78060E3D4FFB5D6F0A3AF6 /* PenHardwareTests.swift in Sources */ = {isa = PBXBuildFile; fileRef = 3F5C250C0AEBC876CF34807D /* PenHardwareTests.swift */; };
		EE282DFD419D4B01DE647AC2 /* Model3DStudioView.swift in Sources */ = {isa = PBXBuildFile; fileRef = 61D0BC500318C879D185099E /* Model3DStudioView.swift */; };
		F27FB2D126ECCD38DCCFE5CD /* TextBoxEditingTests.swift in Sources */ = {isa = PBXBuildFile; fileRef = DFB782C4FBD863E4DD9CC1D7 /* TextBoxEditingTests.swift */; };
		F582ACE682ECDB8D43C78140 /* NotebookStore.swift in Sources */ = {isa = PBXBuildFile; fileRef = C72410287ED6D6BF9B550D5B /* NotebookStore.swift */; };
		F74DE2184CA0735F2E086AE3 /* ObjectMarquee.swift in Sources */ = {isa = PBXBuildFile; fileRef = 07DF98DF756A573952CE9BA3 /* ObjectMarquee.swift */; };
		F76FDF83828E35E26345DCF5 /* AssetLibraryManager.swift in Sources */ = {isa = PBXBuildFile; fileRef = DA24513DE1A6A5996FB190AC /* AssetLibraryManager.swift */; };
		F91E0C4A0E48E4695D0337C6 /* PdfAnnotationInteropTests.swift in Sources */ = {isa = PBXBuildFile; fileRef = 3A1525CF56EBBE47CE94BDBD /* PdfAnnotationInteropTests.swift */; };
		F94293BCC5D971D49F94BE8C /* ResizableSheet.swift in Sources */ = {isa = PBXBuildFile; fileRef = 16799A63AE107AAA8CCA34B4 /* ResizableSheet.swift */; };
		FB8410FC89F4FDB4429963C6 /* OnboardingView.swift in Sources */ = {isa = PBXBuildFile; fileRef = 22CA9AD55E8EDA76ABA92C78 /* OnboardingView.swift */; };
		FC1A97633808D861B89FE967 /* MathEngine.swift in Sources */ = {isa = PBXBuildFile; fileRef = 3E642D648CC5479DA382CE35 /* MathEngine.swift */; };
		FDBFCB97F11915C9DA8EA7A9 /* FloatingPanel.swift in Sources */ = {isa = PBXBuildFile; fileRef = A94975999121E1FFF8139B6A /* FloatingPanel.swift */; };
		FE7819F27B65DF1C258ED52E /* WrapLayout.swift in Sources */ = {isa = PBXBuildFile; fileRef = 6EA2D926C0FD0991AE0BC01D /* WrapLayout.swift */; };
		FEE111DF10D0F0623F16BEB0 /* BackupManager.swift in Sources */ = {isa = PBXBuildFile; fileRef = E6A2A119D757D992BD181DEE /* BackupManager.swift */; };
/* End PBXBuildFile section */

/* Begin PBXContainerItemProxy section */
		26183387B2FD0219EE13CF0C /* PBXContainerItemProxy */ = {
			isa = PBXContainerItemProxy;
			containerPortal = 0DA6FA8514EC791DE3C48575 /* Project object */;
			proxyType = 1;
			remoteGlobalIDString = 1C2549A2B1BF63595E246D97;
			remoteInfo = Kairumo;
		};
		3AAF567082E0ECA079E333F2 /* PBXContainerItemProxy */ = {
			isa = PBXContainerItemProxy;
			containerPortal = 0DA6FA8514EC791DE3C48575 /* Project object */;
			proxyType = 1;
			remoteGlobalIDString = 1C2549A2B1BF63595E246D97;
			remoteInfo = Kairumo;
		};
/* End PBXContainerItemProxy section */

/* Begin PBXFileReference section */
		0013D28CD49B4181F40017F3 /* PenHoverPreview.swift */ = {isa = PBXFileReference; lastKnownFileType = sourcecode.swift; path = PenHoverPreview.swift; sourceTree = "<group>"; };
		00CDBBB784601FDFB342136D /* InkLatencyMeter.swift */ = {isa = PBXFileReference; lastKnownFileType = sourcecode.swift; path = InkLatencyMeter.swift; sourceTree = "<group>"; };
		02895D54063C3AA4B5D30463 /* PageThumbnailRenderer.swift */ = {isa = PBXFileReference; lastKnownFileType = sourcecode.swift; path = PageThumbnailRenderer.swift; sourceTree = "<group>"; };
		0345B65C7AA3708D3D2EC807 /* CanvasGestureTests.swift */ = {isa = PBXFileReference; lastKnownFileType = sourcecode.swift; path = CanvasGestureTests.swift; sourceTree = "<group>"; };
		067CE78048E5C142AD56E841 /* ConformanceVectorTests.swift */ = {isa = PBXFileReference; lastKnownFileType = sourcecode.swift; path = ConformanceVectorTests.swift; sourceTree = "<group>"; };
		07DF98DF756A573952CE9BA3 /* ObjectMarquee.swift */ = {isa = PBXFileReference; lastKnownFileType = sourcecode.swift; path = ObjectMarquee.swift; sourceTree = "<group>"; };
		07F27CA2672052EAEA15EBF5 /* TextBoxMetrics.swift */ = {isa = PBXFileReference; lastKnownFileType = sourcecode.swift; path = TextBoxMetrics.swift; sourceTree = "<group>"; };
		0B829DBCA4D5374715A49087 /* LinkPreviewEngine.swift */ = {isa = PBXFileReference; lastKnownFileType = sourcecode.swift; path = LinkPreviewEngine.swift; sourceTree = "<group>"; };
		0FE426D9CEBCB2E74598C365 /* NoteTableTests.swift */ = {isa = PBXFileReference; lastKnownFileType = sourcecode.swift; path = NoteTableTests.swift; sourceTree = "<group>"; };
		0FF2EC412BA37683FBBE2FC1 /* CollaborationSheet.swift */ = {isa = PBXFileReference; lastKnownFileType = sourcecode.swift; path = CollaborationSheet.swift; sourceTree = "<group>"; };
		0FFA100928CD3224E43D7382 /* LocalRelayServer.swift */ = {isa = PBXFileReference; lastKnownFileType = sourcecode.swift; path = LocalRelayServer.swift; sourceTree = "<group>"; };
		1064607D4E02AABFD6A63F53 /* PalmRejection.swift */ = {isa = PBXFileReference; lastKnownFileType = sourcecode.swift; path = PalmRejection.swift; sourceTree = "<group>"; };
		16799A63AE107AAA8CCA34B4 /* ResizableSheet.swift */ = {isa = PBXFileReference; lastKnownFileType = sourcecode.swift; path = ResizableSheet.swift; sourceTree = "<group>"; };
		186DAB55422E783F9C99DE02 /* AudioTranscriber.swift */ = {isa = PBXFileReference; lastKnownFileType = sourcecode.swift; path = AudioTranscriber.swift; sourceTree = "<group>"; };
		1C02304CC3521585A1142449 /* AccessibilityLabelTests.swift */ = {isa = PBXFileReference; lastKnownFileType = sourcecode.swift; path = AccessibilityLabelTests.swift; sourceTree = "<group>"; };
		1C19329463E6F6E313A0F1DB /* NotebookMigration.swift */ = {isa = PBXFileReference; lastKnownFileType = sourcecode.swift; path = NotebookMigration.swift; sourceTree = "<group>"; };
		1E261E85D19A557BE54973BB /* SmartMagneticSnap.swift */ = {isa = PBXFileReference; lastKnownFileType = sourcecode.swift; path = SmartMagneticSnap.swift; sourceTree = "<group>"; };
		1FECFA7F2244CC1719BB6AC9 /* StickerCatalogue.swift */ = {isa = PBXFileReference; lastKnownFileType = sourcecode.swift; path = StickerCatalogue.swift; sourceTree = "<group>"; };
		205572122F598A01BD07BC2A /* CommentThreadView.swift */ = {isa = PBXFileReference; lastKnownFileType = sourcecode.swift; path = CommentThreadView.swift; sourceTree = "<group>"; };
		20B46B97CCF8127EEE4BD4ED /* ChartRenderer.swift */ = {isa = PBXFileReference; lastKnownFileType = sourcecode.swift; path = ChartRenderer.swift; sourceTree = "<group>"; };
		22CA9AD55E8EDA76ABA92C78 /* OnboardingView.swift */ = {isa = PBXFileReference; lastKnownFileType = sourcecode.swift; path = OnboardingView.swift; sourceTree = "<group>"; };
		236D7B7260C10A27D9EA3771 /* HomeWorkbenchView.swift */ = {isa = PBXFileReference; lastKnownFileType = sourcecode.swift; path = HomeWorkbenchView.swift; sourceTree = "<group>"; };
		26F09C378F9F1B6835D9ECB2 /* CStubs.c */ = {isa = PBXFileReference; lastKnownFileType = sourcecode.c.c; path = CStubs.c; sourceTree = "<group>"; };
		28A8E33C21E81EED174CEBA3 /* padnote_core.swift */ = {isa = PBXFileReference; lastKnownFileType = sourcecode.swift; path = padnote_core.swift; sourceTree = "<group>"; };
		299963A100092694C08E3978 /* NotebookEncryptionSheet.swift */ = {isa = PBXFileReference; lastKnownFileType = sourcecode.swift; path = NotebookEncryptionSheet.swift; sourceTree = "<group>"; };
		29BFE1D24D00A1328C62BA89 /* ImageEditControls.swift */ = {isa = PBXFileReference; lastKnownFileType = sourcecode.swift; path = ImageEditControls.swift; sourceTree = "<group>"; };
		29C630A29EC3E773EF130E2D /* ObjectFrameStyleMenu.swift */ = {isa = PBXFileReference; lastKnownFileType = sourcecode.swift; path = ObjectFrameStyleMenu.swift; sourceTree = "<group>"; };
		2A2253FE74C35178B0F901C8 /* Templates */ = {isa = PBXFileReference; lastKnownFileType = folder; name = Templates; path = Resources/Templates; sourceTree = SOURCE_ROOT; };
		2A90E6661A2C0079EE609AFA /* ShapeStudioView.swift */ = {isa = PBXFileReference; lastKnownFileType = sourcecode.swift; path = ShapeStudioView.swift; sourceTree = "<group>"; };
		2E8568739E3C10539C54B9DC /* RadialMarkMenuView.swift */ = {isa = PBXFileReference; lastKnownFileType = sourcecode.swift; path = RadialMarkMenuView.swift; sourceTree = "<group>"; };
		35D8819970FB01956E474387 /* ICloudSyncFolder.swift */ = {isa = PBXFileReference; lastKnownFileType = sourcecode.swift; path = ICloudSyncFolder.swift; sourceTree = "<group>"; };
		3A1525CF56EBBE47CE94BDBD /* PdfAnnotationInteropTests.swift */ = {isa = PBXFileReference; lastKnownFileType = sourcecode.swift; path = PdfAnnotationInteropTests.swift; sourceTree = "<group>"; };
		3A779F6ADCC3B71D4D84A687 /* ExportFidelityTests.swift */ = {isa = PBXFileReference; lastKnownFileType = sourcecode.swift; path = ExportFidelityTests.swift; sourceTree = "<group>"; };
		3BD868328B64B9FB88406FB9 /* NotebookPlainText.swift */ = {isa = PBXFileReference; lastKnownFileType = sourcecode.swift; path = NotebookPlainText.swift; sourceTree = "<group>"; };
		3C0468278DE21C442DB88E1F /* PageOrderTests.swift */ = {isa = PBXFileReference; lastKnownFileType = sourcecode.swift; path = PageOrderTests.swift; sourceTree = "<group>"; };
		3CD7D7A2AF99E159697538C0 /* ModelDownloadManager.swift */ = {isa = PBXFileReference; lastKnownFileType = sourcecode.swift; path = ModelDownloadManager.swift; sourceTree = "<group>"; };
		3CF52FA26FE1FF9A388527D6 /* InkLatencyMeterTests.swift */ = {isa = PBXFileReference; lastKnownFileType = sourcecode.swift; path = InkLatencyMeterTests.swift; sourceTree = "<group>"; };
		3D05E57F469CF735B91FC514 /* SketchRefineEngine.swift */ = {isa = PBXFileReference; lastKnownFileType = sourcecode.swift; path = SketchRefineEngine.swift; sourceTree = "<group>"; };
		3E642D648CC5479DA382CE35 /* MathEngine.swift */ = {isa = PBXFileReference; lastKnownFileType = sourcecode.swift; path = MathEngine.swift; sourceTree = "<group>"; };
		3F5C250C0AEBC876CF34807D /* PenHardwareTests.swift */ = {isa = PBXFileReference; lastKnownFileType = sourcecode.swift; path = PenHardwareTests.swift; sourceTree = "<group>"; };
		405C79E461A1D1A0AC7BE206 /* HoverHighlight.swift */ = {isa = PBXFileReference; lastKnownFileType = sourcecode.swift; path = HoverHighlight.swift; sourceTree = "<group>"; };
		420CDB8E187D7BF4EB48CB2E /* PdfKitDocumentTests.swift */ = {isa = PBXFileReference; lastKnownFileType = sourcecode.swift; path = PdfKitDocumentTests.swift; sourceTree = "<group>"; };
		4288BEA56B9807F516BC7541 /* SyncHistory.swift */ = {isa = PBXFileReference; lastKnownFileType = sourcecode.swift; path = SyncHistory.swift; sourceTree = "<group>"; };
		43B5E732D6E01F9549B1147D /* PdfKitDocument.swift */ = {isa = PBXFileReference; lastKnownFileType = sourcecode.swift; path = PdfKitDocument.swift; sourceTree = "<group>"; };
		44D061C8E2977FB257C12E81 /* CollaborationManager.swift */ = {isa = PBXFileReference; lastKnownFileType = sourcecode.swift; path = CollaborationManager.swift; sourceTree = "<group>"; };
		473B5EDC9DF95F4358F83CFB /* BackupManagerTests.swift */ = {isa = PBXFileReference; lastKnownFileType = sourcecode.swift; path = BackupManagerTests.swift; sourceTree = "<group>"; };
		49C432411765C8C4D7362EA7 /* FloatingToolPill.swift */ = {isa = PBXFileReference; lastKnownFileType = sourcecode.swift; path = FloatingToolPill.swift; sourceTree = "<group>"; };
		4BA1621FF70166498E5FC736 /* AudioAttachment.swift */ = {isa = PBXFileReference; lastKnownFileType = sourcecode.swift; path = AudioAttachment.swift; sourceTree = "<group>"; };
		4E3EF3928D3630E321C01133 /* NotebookUnlockSheet.swift */ = {isa = PBXFileReference; lastKnownFileType = sourcecode.swift; path = NotebookUnlockSheet.swift; sourceTree = "<group>"; };
		4F6548BCB85682AC49CE9184 /* PageGeometry.swift */ = {isa = PBXFileReference; lastKnownFileType = sourcecode.swift; path = PageGeometry.swift; sourceTree = "<group>"; };
		51E8541179F28A49C13A1967 /* MaterialEngine.swift */ = {isa = PBXFileReference; lastKnownFileType = sourcecode.swift; path = MaterialEngine.swift; sourceTree = "<group>"; };
		52BB9EE17D04DDC7ACA3D7C2 /* ImageDropPlacement.swift */ = {isa = PBXFileReference; lastKnownFileType = sourcecode.swift; path = ImageDropPlacement.swift; sourceTree = "<group>"; };
		554BBC1A7380B5D3506557DF /* StrokeDelta.swift */ = {isa = PBXFileReference; lastKnownFileType = sourcecode.swift; path = StrokeDelta.swift; sourceTree = "<group>"; };
		56D3BCE203ED4099F1E71EFB /* NoteIntelligence.swift */ = {isa = PBXFileReference; lastKnownFileType = sourcecode.swift; path = NoteIntelligence.swift; sourceTree = "<group>"; };
		58A59801CFFFC6CE7230C128 /* AppCommands.swift */ = {isa = PBXFileReference; lastKnownFileType = sourcecode.swift; path = AppCommands.swift; sourceTree = "<group>"; };
		59E46CD750DA486212251DC0 /* DocumentViewerSheet.swift */ = {isa = PBXFileReference; lastKnownFileType = sourcecode.swift; path = DocumentViewerSheet.swift; sourceTree = "<group>"; };
		5A7C268EF0A001760D3A7C02 /* DynamicPortalIsland.swift */ = {isa = PBXFileReference; lastKnownFileType = sourcecode.swift; path = DynamicPortalIsland.swift; sourceTree = "<group>"; };
		5B72B2C88A99AD52C89B0787 /* CanvasScrollbar.swift */ = {isa = PBXFileReference; lastKnownFileType = sourcecode.swift; path = CanvasScrollbar.swift; sourceTree = "<group>"; };
		5B73641F0EA64C1F1B559616 /* DriveHttpClient.swift */ = {isa = PBXFileReference; lastKnownFileType = sourcecode.swift; path = DriveHttpClient.swift; sourceTree = "<group>"; };
		5C7088E4DBE1611C3E697B4A /* TableStudioLayoutTests.swift */ = {isa = PBXFileReference; lastKnownFileType = sourcecode.swift; path = TableStudioLayoutTests.swift; sourceTree = "<group>"; };
		5DEEDC3EBFC3C910FFC5735C /* MathCalculatorSheet.swift */ = {isa = PBXFileReference; lastKnownFileType = sourcecode.swift; path = MathCalculatorSheet.swift; sourceTree = "<group>"; };
		5E0D07EB41098C2C0F9A8E37 /* PackageRoundTripTests.swift */ = {isa = PBXFileReference; lastKnownFileType = sourcecode.swift; path = PackageRoundTripTests.swift; sourceTree = "<group>"; };
		61C6C10FAD15645C91E246C0 /* TableStudioView.swift */ = {isa = PBXFileReference; lastKnownFileType = sourcecode.swift; path = TableStudioView.swift; sourceTree = "<group>"; };
		61D0BC500318C879D185099E /* Model3DStudioView.swift */ = {isa = PBXFileReference; lastKnownFileType = sourcecode.swift; path = Model3DStudioView.swift; sourceTree = "<group>"; };
		621C052FCB25E32FBB633BE3 /* MacReleaseConfigTests.swift */ = {isa = PBXFileReference; lastKnownFileType = sourcecode.swift; path = MacReleaseConfigTests.swift; sourceTree = "<group>"; };
		625C3383D7E7C3F1B7A6D1F1 /* Kairumo.app */ = {isa = PBXFileReference; includeInIndex = 0; lastKnownFileType = wrapper.application; path = Kairumo.app; sourceTree = BUILT_PRODUCTS_DIR; };
		6463C70AA04DAF58FFD603B8 /* CoreAudioCapture.swift */ = {isa = PBXFileReference; lastKnownFileType = sourcecode.swift; path = CoreAudioCapture.swift; sourceTree = "<group>"; };
		68513B13585ABBABB6573267 /* KairumoUITests.xctest */ = {isa = PBXFileReference; includeInIndex = 0; lastKnownFileType = wrapper.cfbundle; path = KairumoUITests.xctest; sourceTree = BUILT_PRODUCTS_DIR; };
		68A635D915554C60E116768E /* RecordingMigration.swift */ = {isa = PBXFileReference; lastKnownFileType = sourcecode.swift; path = RecordingMigration.swift; sourceTree = "<group>"; };
		691C8F15D077838E27650DFC /* InkInteropTests.swift */ = {isa = PBXFileReference; lastKnownFileType = sourcecode.swift; path = InkInteropTests.swift; sourceTree = "<group>"; };
		6923436682B5101DB7AF5FAA /* HandwritingRecognizer.swift */ = {isa = PBXFileReference; lastKnownFileType = sourcecode.swift; path = HandwritingRecognizer.swift; sourceTree = "<group>"; };
		6A0C24F3FD1D464196490E2D /* ContinuousPagesView.swift */ = {isa = PBXFileReference; lastKnownFileType = sourcecode.swift; path = ContinuousPagesView.swift; sourceTree = "<group>"; };
		6A934F46156BC32DC1149F62 /* DocumentTemplateCatalog.swift */ = {isa = PBXFileReference; lastKnownFileType = sourcecode.swift; path = DocumentTemplateCatalog.swift; sourceTree = "<group>"; };
		6C2FF9AF4DA70CC155EC6704 /* ObjectLayerTests.swift */ = {isa = PBXFileReference; lastKnownFileType = sourcecode.swift; path = ObjectLayerTests.swift; sourceTree = "<group>"; };
		6C5E7D8CE394BD3B16FD57B5 /* DocumentTemplateApply.swift */ = {isa = PBXFileReference; lastKnownFileType = sourcecode.swift; path = DocumentTemplateApply.swift; sourceTree = "<group>"; };
		6CEFD1F0AF714DC269A5E144 /* AccountSyncStore.swift */ = {isa = PBXFileReference; lastKnownFileType = sourcecode.swift; path = AccountSyncStore.swift; sourceTree = "<group>"; };
		6D92ABBF09268BEEA4DD694D /* CloudSyncFolder.swift */ = {isa = PBXFileReference; lastKnownFileType = sourcecode.swift; path = CloudSyncFolder.swift; sourceTree = "<group>"; };
		6E69D62954A410C548C81F3A /* ScreenAudit.swift */ = {isa = PBXFileReference; lastKnownFileType = sourcecode.swift; path = ScreenAudit.swift; sourceTree = "<group>"; };
		6EA2D926C0FD0991AE0BC01D /* WrapLayout.swift */ = {isa = PBXFileReference; lastKnownFileType = sourcecode.swift; path = WrapLayout.swift; sourceTree = "<group>"; };
		6FF4AA82DF5A02A09AE79B7E /* PageBackgroundRepresentable.swift */ = {isa = PBXFileReference; lastKnownFileType = sourcecode.swift; path = PageBackgroundRepresentable.swift; sourceTree = "<group>"; };
		7187AC2B18533F28DABBB98A /* NotebookMeta.swift */ = {isa = PBXFileReference; lastKnownFileType = sourcecode.swift; path = NotebookMeta.swift; sourceTree = "<group>"; };
		7245DE41B9104E9F47F0C21B /* PadnoteCore.xcframework */ = {isa = PBXFileReference; lastKnownFileType = wrapper.xcframework; path = PadnoteCore.xcframework; sourceTree = "<group>"; };
		731CDDC574A6D78F0621BA61 /* CloudSyncFolderTests.swift */ = {isa = PBXFileReference; lastKnownFileType = sourcecode.swift; path = CloudSyncFolderTests.swift; sourceTree = "<group>"; };
		7418A9EE9E549FC11AB793EF /* TextBoxAppearance.swift */ = {isa = PBXFileReference; lastKnownFileType = sourcecode.swift; path = TextBoxAppearance.swift; sourceTree = "<group>"; };
		74C26B5B3A37A7FBDAABA8A7 /* PageRepagination.swift */ = {isa = PBXFileReference; lastKnownFileType = sourcecode.swift; path = PageRepagination.swift; sourceTree = "<group>"; };
		74F41D2B41DD153EEA524BBC /* ProColorWheelView.swift */ = {isa = PBXFileReference; lastKnownFileType = sourcecode.swift; path = ProColorWheelView.swift; sourceTree = "<group>"; };
		7502EE0A779A48FD748C7A1C /* NoteIntelligenceTests.swift */ = {isa = PBXFileReference; lastKnownFileType = sourcecode.swift; path = NoteIntelligenceTests.swift; sourceTree = "<group>"; };
		7617B23BC996C4B427F52EB4 /* LocalizationManager.swift */ = {isa = PBXFileReference; lastKnownFileType = sourcecode.swift; path = LocalizationManager.swift; sourceTree = "<group>"; };
		76577BBB3DC564A4B287380C /* AccountManager.swift */ = {isa = PBXFileReference; lastKnownFileType = sourcecode.swift; path = AccountManager.swift; sourceTree = "<group>"; };
		774D27C6F512E16A8C9D57ED /* SidebarMetrics.swift */ = {isa = PBXFileReference; lastKnownFileType = sourcecode.swift; path = SidebarMetrics.swift; sourceTree = "<group>"; };
		7A2F8130E223B0B02F303F80 /* BrushCursor.swift */ = {isa = PBXFileReference; lastKnownFileType = sourcecode.swift; path = BrushCursor.swift; sourceTree = "<group>"; };
		7D2A6B1E41A4693B543BEDCB /* PageRepaginationTests.swift */ = {isa = PBXFileReference; lastKnownFileType = sourcecode.swift; path = PageRepaginationTests.swift; sourceTree = "<group>"; };
		824AF14643DF914996543B0B /* ProColorPickerSheet.swift */ = {isa = PBXFileReference; lastKnownFileType = sourcecode.swift; path = ProColorPickerSheet.swift; sourceTree = "<group>"; };
		831C71226B45B48B268CE8F6 /* InsertToolsAudit.swift */ = {isa = PBXFileReference; lastKnownFileType = sourcecode.swift; path = InsertToolsAudit.swift; sourceTree = "<group>"; };
		843458EEF60FCF8BD686B73F /* NotebookSearchTests.swift */ = {isa = PBXFileReference; lastKnownFileType = sourcecode.swift; path = NotebookSearchTests.swift; sourceTree = "<group>"; };
		851A8A998279271B01471E88 /* AppCommandTests.swift */ = {isa = PBXFileReference; lastKnownFileType = sourcecode.swift; path = AppCommandTests.swift; sourceTree = "<group>"; };
		86EC0F8038D34C787D2A729D /* ChartStudioView.swift */ = {isa = PBXFileReference; lastKnownFileType = sourcecode.swift; path = ChartStudioView.swift; sourceTree = "<group>"; };
		893FBBAA69ABDE7B5D03BDA9 /* InkInterop.swift */ = {isa = PBXFileReference; lastKnownFileType = sourcecode.swift; path = InkInterop.swift; sourceTree = "<group>"; };
		8C72D6725F62578D0DDD6EFB /* CollaborationCryptoTests.swift */ = {isa = PBXFileReference; lastKnownFileType = sourcecode.swift; path = CollaborationCryptoTests.swift; sourceTree = "<group>"; };
		8CDA20E9C287F58F4315EA3C /* ChartSpec.swift */ = {isa = PBXFileReference; lastKnownFileType = sourcecode.swift; path = ChartSpec.swift; sourceTree = "<group>"; };
		8D5E17BFDAA4C24704903AF0 /* NotebookMigrationTests.swift */ = {isa = PBXFileReference; lastKnownFileType = sourcecode.swift; path = NotebookMigrationTests.swift; sourceTree = "<group>"; };
		8E2366585C08FE826ADFEB01 /* PageDeletionTests.swift */ = {isa = PBXFileReference; lastKnownFileType = sourcecode.swift; path = PageDeletionTests.swift; sourceTree = "<group>"; };
		8E824B2D4C00682C282AEF8E /* TableAppearance.swift */ = {isa = PBXFileReference; lastKnownFileType = sourcecode.swift; path = TableAppearance.swift; sourceTree = "<group>"; };
		8FEF2B249C62AD4AE2E3C246 /* AudioRecorderManager.swift */ = {isa = PBXFileReference; lastKnownFileType = sourcecode.swift; path = AudioRecorderManager.swift; sourceTree = "<group>"; };
		94384F7616936803E2A4DAB3 /* ObjectLayerPanel.swift */ = {isa = PBXFileReference; lastKnownFileType = sourcecode.swift; path = ObjectLayerPanel.swift; sourceTree = "<group>"; };
		9A6E8DF2429CC830E9AF5BB6 /* ObjectFrameStyleTests.swift */ = {isa = PBXFileReference; lastKnownFileType = sourcecode.swift; path = ObjectFrameStyleTests.swift; sourceTree = "<group>"; };
		9DEABFE677080C2925F1968D /* Assets.xcassets */ = {isa = PBXFileReference; lastKnownFileType = folder.assetcatalog; path = Assets.xcassets; sourceTree = "<group>"; };
		9E0D4938AD7ED09F531105A2 /* NotebookEditorView.swift */ = {isa = PBXFileReference; lastKnownFileType = sourcecode.swift; path = NotebookEditorView.swift; sourceTree = "<group>"; };
		A09B19AED1DC70D31503F82C /* NotebookPackageBridge.swift */ = {isa = PBXFileReference; lastKnownFileType = sourcecode.swift; path = NotebookPackageBridge.swift; sourceTree = "<group>"; };
		A0A240F9E5D8ED4900468913 /* BundledDocumentTests.swift */ = {isa = PBXFileReference; lastKnownFileType = sourcecode.swift; path = BundledDocumentTests.swift; sourceTree = "<group>"; };
		A315B137252D82142C8E4452 /* StartupLogger.swift */ = {isa = PBXFileReference; lastKnownFileType = sourcecode.swift; path = StartupLogger.swift; sourceTree = "<group>"; };
		A351D8EB2219ECF83FF78645 /* AssetLibraryView.swift */ = {isa = PBXFileReference; lastKnownFileType = sourcecode.swift; path = AssetLibraryView.swift; sourceTree = "<group>"; };
		A8100BDADD9AD9C5BFAE24EC /* NotebookSyncCoordinatorTests.swift */ = {isa = PBXFileReference; lastKnownFileType = sourcecode.swift; path = NotebookSyncCoordinatorTests.swift; sourceTree = "<group>"; };
		A94975999121E1FFF8139B6A /* FloatingPanel.swift */ = {isa = PBXFileReference; lastKnownFileType = sourcecode.swift; path = FloatingPanel.swift; sourceTree = "<group>"; };
		A9BDC186936848C633E8A225 /* screens.json */ = {isa = PBXFileReference; lastKnownFileType = text.json; path = screens.json; sourceTree = "<group>"; };
		AB04C4FA3426304F705E5046 /* HomeWorkbenchUsage.swift */ = {isa = PBXFileReference; lastKnownFileType = sourcecode.swift; path = HomeWorkbenchUsage.swift; sourceTree = "<group>"; };
		AB9ADD02C399D5D1AD079D72 /* TableFormulaEvaluator.swift */ = {isa = PBXFileReference; lastKnownFileType = sourcecode.swift; path = TableFormulaEvaluator.swift; sourceTree = "<group>"; };
		ADB3B259C241361F259FE9CD /* ChartStudioTests.swift */ = {isa = PBXFileReference; lastKnownFileType = sourcecode.swift; path = ChartStudioTests.swift; sourceTree = "<group>"; };
		B05DE382C8B7C4EE39BD076B /* NotebookPackageBridgeTests.swift */ = {isa = PBXFileReference; lastKnownFileType = sourcecode.swift; path = NotebookPackageBridgeTests.swift; sourceTree = "<group>"; };
		B2929D89A7985F84100FDB68 /* RecentTemplates.swift */ = {isa = PBXFileReference; lastKnownFileType = sourcecode.swift; path = RecentTemplates.swift; sourceTree = "<group>"; };
		B36AD7F19677B4F27E94262B /* BrushCursorTests.swift */ = {isa = PBXFileReference; lastKnownFileType = sourcecode.swift; path = BrushCursorTests.swift; sourceTree = "<group>"; };
		B3CEDDA81C7A0784D31A451C /* OpusAudioPlayer.swift */ = {isa = PBXFileReference; lastKnownFileType = sourcecode.swift; path = OpusAudioPlayer.swift; sourceTree = "<group>"; };
		B4741BF2C2C92CDA117AEE5E /* DesignSystem.swift */ = {isa = PBXFileReference; lastKnownFileType = sourcecode.swift; path = DesignSystem.swift; sourceTree = "<group>"; };
		B7FE882F90D6ABA99E0820BF /* Docs */ = {isa = PBXFileReference; lastKnownFileType = folder; name = Docs; path = Resources/Docs; sourceTree = SOURCE_ROOT; };
		B8F51C245CED14D4079BC5B4 /* DocumentTemplateTests.swift */ = {isa = PBXFileReference; lastKnownFileType = sourcecode.swift; path = DocumentTemplateTests.swift; sourceTree = "<group>"; };
		B9BFDAE4EA9BBA2EA8438447 /* WordDocumentEditorView.swift */ = {isa = PBXFileReference; lastKnownFileType = sourcecode.swift; path = WordDocumentEditorView.swift; sourceTree = "<group>"; };
		B9DFE7E365BA2170726481B9 /* PageGuideRenderer.swift */ = {isa = PBXFileReference; lastKnownFileType = sourcecode.swift; path = PageGuideRenderer.swift; sourceTree = "<group>"; };
		BC0776567843FC6C74C2A9C0 /* NoteShapeTests.swift */ = {isa = PBXFileReference; lastKnownFileType = sourcecode.swift; path = NoteShapeTests.swift; sourceTree = "<group>"; };
		BFC2EC4F24CB728264AB91A5 /* ObjectRotationControls.swift */ = {isa = PBXFileReference; lastKnownFileType = sourcecode.swift; path = ObjectRotationControls.swift; sourceTree = "<group>"; };
		C0957AAFF21A2EF4C121E63E /* ExportPreviewSheet.swift */ = {isa = PBXFileReference; lastKnownFileType = sourcecode.swift; path = ExportPreviewSheet.swift; sourceTree = "<group>"; };
		C1C81A31EBC2D3D1F020B0BF /* NoteTable.swift */ = {isa = PBXFileReference; lastKnownFileType = sourcecode.swift; path = NoteTable.swift; sourceTree = "<group>"; };
		C72410287ED6D6BF9B550D5B /* NotebookStore.swift */ = {isa = PBXFileReference; lastKnownFileType = sourcecode.swift; path = NotebookStore.swift; sourceTree = "<group>"; };
		CB1466C3AB0C78C44ED34AB8 /* NotebookSearchIndex.swift */ = {isa = PBXFileReference; lastKnownFileType = sourcecode.swift; path = NotebookSearchIndex.swift; sourceTree = "<group>"; };
		CC38A8D206CF6F7CDF0CEEDE /* AutoSyncController.swift */ = {isa = PBXFileReference; lastKnownFileType = sourcecode.swift; path = AutoSyncController.swift; sourceTree = "<group>"; };
		CCBD6EB2E871A9532370A15B /* GoogleAuth.swift */ = {isa = PBXFileReference; lastKnownFileType = sourcecode.swift; path = GoogleAuth.swift; sourceTree = "<group>"; };
		D059ACC4F96D906F5A18970D /* AppVersion.swift */ = {isa = PBXFileReference; lastKnownFileType = sourcecode.swift; path = AppVersion.swift; sourceTree = "<group>"; };
		D2E4B63FC00CBE41E1C67031 /* DeadControlSurvey.swift */ = {isa = PBXFileReference; lastKnownFileType = sourcecode.swift; path = DeadControlSurvey.swift; sourceTree = "<group>"; };
		D76C7E92895F6C4334996D92 /* NotebookSyncCoordinator.swift */ = {isa = PBXFileReference; lastKnownFileType = sourcecode.swift; path = NotebookSyncCoordinator.swift; sourceTree = "<group>"; };
		D92F2373941302ED5F5C66CD /* ImageDropPlacementTests.swift */ = {isa = PBXFileReference; lastKnownFileType = sourcecode.swift; path = ImageDropPlacementTests.swift; sourceTree = "<group>"; };
		DA14AB7B6F3436E39B58DAA1 /* ObjectStacking.swift */ = {isa = PBXFileReference; lastKnownFileType = sourcecode.swift; path = ObjectStacking.swift; sourceTree = "<group>"; };
		DA24513DE1A6A5996FB190AC /* AssetLibraryManager.swift */ = {isa = PBXFileReference; lastKnownFileType = sourcecode.swift; path = AssetLibraryManager.swift; sourceTree = "<group>"; };
		DBEA4CFB130D285D67B343EC /* NoteShape.swift */ = {isa = PBXFileReference; lastKnownFileType = sourcecode.swift; path = NoteShape.swift; sourceTree = "<group>"; };
		DC162947E9D0CD0579D7848B /* ToolbarCustomization.swift */ = {isa = PBXFileReference; lastKnownFileType = sourcecode.swift; path = ToolbarCustomization.swift; sourceTree = "<group>"; };
		DC2F0D7F265BF495CF6D7B79 /* ThemeSpecificToolsView.swift */ = {isa = PBXFileReference; lastKnownFileType = sourcecode.swift; path = ThemeSpecificToolsView.swift; sourceTree = "<group>"; };
		DC6D1F547D3EA6FBF9266760 /* SmokeUITests.swift */ = {isa = PBXFileReference; lastKnownFileType = sourcecode.swift; path = SmokeUITests.swift; sourceTree = "<group>"; };
		DC7046379C24B0D590B6F0E8 /* ToolbarSeparator.swift */ = {isa = PBXFileReference; lastKnownFileType = sourcecode.swift; path = ToolbarSeparator.swift; sourceTree = "<group>"; };
		DE6B5FAD884A88C837DD9BF2 /* PageImageRenderer.swift */ = {isa = PBXFileReference; lastKnownFileType = sourcecode.swift; path = PageImageRenderer.swift; sourceTree = "<group>"; };
		DFB782C4FBD863E4DD9CC1D7 /* TextBoxEditingTests.swift */ = {isa = PBXFileReference; lastKnownFileType = sourcecode.swift; path = TextBoxEditingTests.swift; sourceTree = "<group>"; };
		DFCDD31E1D415BEFE8FB47D5 /* ImageAppearance.swift */ = {isa = PBXFileReference; lastKnownFileType = sourcecode.swift; path = ImageAppearance.swift; sourceTree = "<group>"; };
		E6A2A119D757D992BD181DEE /* BackupManager.swift */ = {isa = PBXFileReference; lastKnownFileType = sourcecode.swift; path = BackupManager.swift; sourceTree = "<group>"; };
		E7BBB164B4ED22BB56939A40 /* ExportPrintManager.swift */ = {isa = PBXFileReference; lastKnownFileType = sourcecode.swift; path = ExportPrintManager.swift; sourceTree = "<group>"; };
		E9016EACE65CDA75A37567CE /* PageImageRendererTests.swift */ = {isa = PBXFileReference; lastKnownFileType = sourcecode.swift; path = PageImageRendererTests.swift; sourceTree = "<group>"; };
		E90D65B77C9075837E5F50D2 /* NoteIntelligenceSheet.swift */ = {isa = PBXFileReference; lastKnownFileType = sourcecode.swift; path = NoteIntelligenceSheet.swift; sourceTree = "<group>"; };
		EE084F883D6D8A652CD86063 /* SeedContent.swift */ = {isa = PBXFileReference; lastKnownFileType = sourcecode.swift; path = SeedContent.swift; sourceTree = "<group>"; };
		EE3F4D9B18C940D7D37A888E /* KairumoTests.xctest */ = {isa = PBXFileReference; includeInIndex = 0; lastKnownFileType = wrapper.cfbundle; path = KairumoTests.xctest; sourceTree = BUILT_PRODUCTS_DIR; };
		F165F09A8FEE2E882FD9107C /* FeatureHint.swift */ = {isa = PBXFileReference; lastKnownFileType = sourcecode.swift; path = FeatureHint.swift; sourceTree = "<group>"; };
		F30959766B1D00F248AD7D2D /* WordTextStudioView.swift */ = {isa = PBXFileReference; lastKnownFileType = sourcecode.swift; path = WordTextStudioView.swift; sourceTree = "<group>"; };
		F3111941E411F546450CCE85 /* StrokeWidthSlider.swift */ = {isa = PBXFileReference; lastKnownFileType = sourcecode.swift; path = StrokeWidthSlider.swift; sourceTree = "<group>"; };
		F65D4DD5D5DF9A56132D032E /* LocalizationStrings.generated.swift */ = {isa = PBXFileReference; lastKnownFileType = sourcecode.swift; path = LocalizationStrings.generated.swift; sourceTree = "<group>"; };
		F85F010611BBEED2B2DF9AC3 /* PalmRejectionTests.swift */ = {isa = PBXFileReference; lastKnownFileType = sourcecode.swift; path = PalmRejectionTests.swift; sourceTree = "<group>"; };
		F9BA3DC03F5BD38348D5D9DE /* PenHardware.swift */ = {isa = PBXFileReference; lastKnownFileType = sourcecode.swift; path = PenHardware.swift; sourceTree = "<group>"; };
		FD3609DAFC6CD0A448F250C1 /* PalmThresholdSheet.swift */ = {isa = PBXFileReference; lastKnownFileType = sourcecode.swift; path = PalmThresholdSheet.swift; sourceTree = "<group>"; };
/* End PBXFileReference section */

/* Begin PBXFrameworksBuildPhase section */
		BDF231B4E97180F4659EA861 /* Frameworks */ = {
			isa = PBXFrameworksBuildPhase;
			buildActionMask = 2147483647;
			files = (
				A63608E6DD600F35CB565FE4 /* PadnoteCore.xcframework in Frameworks */,
			);
			runOnlyForDeploymentPostprocessing = 0;
		};
/* End PBXFrameworksBuildPhase section */

/* Begin PBXGroup section */
		07AEA3051AAD14D8367E5D1A /* Generated */ = {
			isa = PBXGroup;
			children = (
				28A8E33C21E81EED174CEBA3 /* padnote_core.swift */,
			);
			path = Generated;
			sourceTree = "<group>";
		};
		1F93ED97981F21F996EF3DA0 /* Products */ = {
			isa = PBXGroup;
			children = (
				625C3383D7E7C3F1B7A6D1F1 /* Kairumo.app */,
				EE3F4D9B18C940D7D37A888E /* KairumoTests.xctest */,
				68513B13585ABBABB6573267 /* KairumoUITests.xctest */,
			);
			name = Products;
			sourceTree = "<group>";
		};
		37B5B8BF5CE7D40051617B74 /* Tests */ = {
			isa = PBXGroup;
			children = (
				1C02304CC3521585A1142449 /* AccessibilityLabelTests.swift */,
				851A8A998279271B01471E88 /* AppCommandTests.swift */,
				473B5EDC9DF95F4358F83CFB /* BackupManagerTests.swift */,
				B36AD7F19677B4F27E94262B /* BrushCursorTests.swift */,
				A0A240F9E5D8ED4900468913 /* BundledDocumentTests.swift */,
				ADB3B259C241361F259FE9CD /* ChartStudioTests.swift */,
				731CDDC574A6D78F0621BA61 /* CloudSyncFolderTests.swift */,
				8C72D6725F62578D0DDD6EFB /* CollaborationCryptoTests.swift */,
				067CE78048E5C142AD56E841 /* ConformanceVectorTests.swift */,
				B8F51C245CED14D4079BC5B4 /* DocumentTemplateTests.swift */,
				3A779F6ADCC3B71D4D84A687 /* ExportFidelityTests.swift */,
				D92F2373941302ED5F5C66CD /* ImageDropPlacementTests.swift */,
				691C8F15D077838E27650DFC /* InkInteropTests.swift */,
				3CF52FA26FE1FF9A388527D6 /* InkLatencyMeterTests.swift */,
				621C052FCB25E32FBB633BE3 /* MacReleaseConfigTests.swift */,
				8D5E17BFDAA4C24704903AF0 /* NotebookMigrationTests.swift */,
				B05DE382C8B7C4EE39BD076B /* NotebookPackageBridgeTests.swift */,
				843458EEF60FCF8BD686B73F /* NotebookSearchTests.swift */,
				A8100BDADD9AD9C5BFAE24EC /* NotebookSyncCoordinatorTests.swift */,
				7502EE0A779A48FD748C7A1C /* NoteIntelligenceTests.swift */,
				BC0776567843FC6C74C2A9C0 /* NoteShapeTests.swift */,
				0FE426D9CEBCB2E74598C365 /* NoteTableTests.swift */,
				9A6E8DF2429CC830E9AF5BB6 /* ObjectFrameStyleTests.swift */,
				6C2FF9AF4DA70CC155EC6704 /* ObjectLayerTests.swift */,
				5E0D07EB41098C2C0F9A8E37 /* PackageRoundTripTests.swift */,
				8E2366585C08FE826ADFEB01 /* PageDeletionTests.swift */,
				E9016EACE65CDA75A37567CE /* PageImageRendererTests.swift */,
				3C0468278DE21C442DB88E1F /* PageOrderTests.swift */,
				7D2A6B1E41A4693B543BEDCB /* PageRepaginationTests.swift */,
				F85F010611BBEED2B2DF9AC3 /* PalmRejectionTests.swift */,
				3A1525CF56EBBE47CE94BDBD /* PdfAnnotationInteropTests.swift */,
				420CDB8E187D7BF4EB48CB2E /* PdfKitDocumentTests.swift */,
				3F5C250C0AEBC876CF34807D /* PenHardwareTests.swift */,
				5C7088E4DBE1611C3E697B4A /* TableStudioLayoutTests.swift */,
				DFB782C4FBD863E4DD9CC1D7 /* TextBoxEditingTests.swift */,
			);
			path = Tests;
			sourceTree = "<group>";
		};
		7D3DF22B3FEC4288146A9780 /* UITests */ = {
			isa = PBXGroup;
			children = (
				0345B65C7AA3708D3D2EC807 /* CanvasGestureTests.swift */,
				D2E4B63FC00CBE41E1C67031 /* DeadControlSurvey.swift */,
				831C71226B45B48B268CE8F6 /* InsertToolsAudit.swift */,
				6E69D62954A410C548C81F3A /* ScreenAudit.swift */,
				DC6D1F547D3EA6FBF9266760 /* SmokeUITests.swift */,
			);
			path = UITests;
			sourceTree = "<group>";
		};
		B4C83A5E69DB56E9D3761F3B = {
			isa = PBXGroup;
			children = (
				9DEABFE677080C2925F1968D /* Assets.xcassets */,
				B7FE882F90D6ABA99E0820BF /* Docs */,
				2A2253FE74C35178B0F901C8 /* Templates */,
				C1D3BC1DADA8673F09BE386B /* conformance */,
				D6E56CB73EE4D2B95BAA4723 /* Examples */,
				07AEA3051AAD14D8367E5D1A /* Generated */,
				FE24CD0F7EA498AAB508EE5E /* Sources */,
				37B5B8BF5CE7D40051617B74 /* Tests */,
				7D3DF22B3FEC4288146A9780 /* UITests */,
				EA32A1B532F499DEC0425B81 /* Frameworks */,
				1F93ED97981F21F996EF3DA0 /* Products */,
			);
			sourceTree = "<group>";
		};
		C1D3BC1DADA8673F09BE386B /* conformance */ = {
			isa = PBXGroup;
			children = (
				A9BDC186936848C633E8A225 /* screens.json */,
			);
			name = conformance;
			path = ../docs/conformance;
			sourceTree = "<group>";
		};
		D6E56CB73EE4D2B95BAA4723 /* Examples */ = {
			isa = PBXGroup;
			children = (
				AB04C4FA3426304F705E5046 /* HomeWorkbenchUsage.swift */,
			);
			path = Examples;
			sourceTree = "<group>";
		};
		EA32A1B532F499DEC0425B81 /* Frameworks */ = {
			isa = PBXGroup;
			children = (
				7245DE41B9104E9F47F0C21B /* PadnoteCore.xcframework */,
			);
			name = Frameworks;
			sourceTree = "<group>";
		};
		FE24CD0F7EA498AAB508EE5E /* Sources */ = {
			isa = PBXGroup;
			children = (
				76577BBB3DC564A4B287380C /* AccountManager.swift */,
				6CEFD1F0AF714DC269A5E144 /* AccountSyncStore.swift */,
				58A59801CFFFC6CE7230C128 /* AppCommands.swift */,
				D059ACC4F96D906F5A18970D /* AppVersion.swift */,
				DA24513DE1A6A5996FB190AC /* AssetLibraryManager.swift */,
				A351D8EB2219ECF83FF78645 /* AssetLibraryView.swift */,
				4BA1621FF70166498E5FC736 /* AudioAttachment.swift */,
				8FEF2B249C62AD4AE2E3C246 /* AudioRecorderManager.swift */,
				186DAB55422E783F9C99DE02 /* AudioTranscriber.swift */,
				CC38A8D206CF6F7CDF0CEEDE /* AutoSyncController.swift */,
				E6A2A119D757D992BD181DEE /* BackupManager.swift */,
				7A2F8130E223B0B02F303F80 /* BrushCursor.swift */,
				5B72B2C88A99AD52C89B0787 /* CanvasScrollbar.swift */,
				20B46B97CCF8127EEE4BD4ED /* ChartRenderer.swift */,
				8CDA20E9C287F58F4315EA3C /* ChartSpec.swift */,
				86EC0F8038D34C787D2A729D /* ChartStudioView.swift */,
				6D92ABBF09268BEEA4DD694D /* CloudSyncFolder.swift */,
				44D061C8E2977FB257C12E81 /* CollaborationManager.swift */,
				0FF2EC412BA37683FBBE2FC1 /* CollaborationSheet.swift */,
				205572122F598A01BD07BC2A /* CommentThreadView.swift */,
				6A0C24F3FD1D464196490E2D /* ContinuousPagesView.swift */,
				6463C70AA04DAF58FFD603B8 /* CoreAudioCapture.swift */,
				26F09C378F9F1B6835D9ECB2 /* CStubs.c */,
				B4741BF2C2C92CDA117AEE5E /* DesignSystem.swift */,
				6C5E7D8CE394BD3B16FD57B5 /* DocumentTemplateApply.swift */,
				6A934F46156BC32DC1149F62 /* DocumentTemplateCatalog.swift */,
				59E46CD750DA486212251DC0 /* DocumentViewerSheet.swift */,
				5B73641F0EA64C1F1B559616 /* DriveHttpClient.swift */,
				5A7C268EF0A001760D3A7C02 /* DynamicPortalIsland.swift */,
				C0957AAFF21A2EF4C121E63E /* ExportPreviewSheet.swift */,
				E7BBB164B4ED22BB56939A40 /* ExportPrintManager.swift */,
				F165F09A8FEE2E882FD9107C /* FeatureHint.swift */,
				A94975999121E1FFF8139B6A /* FloatingPanel.swift */,
				49C432411765C8C4D7362EA7 /* FloatingToolPill.swift */,
				CCBD6EB2E871A9532370A15B /* GoogleAuth.swift */,
				6923436682B5101DB7AF5FAA /* HandwritingRecognizer.swift */,
				236D7B7260C10A27D9EA3771 /* HomeWorkbenchView.swift */,
				405C79E461A1D1A0AC7BE206 /* HoverHighlight.swift */,
				35D8819970FB01956E474387 /* ICloudSyncFolder.swift */,
				DFCDD31E1D415BEFE8FB47D5 /* ImageAppearance.swift */,
				52BB9EE17D04DDC7ACA3D7C2 /* ImageDropPlacement.swift */,
				29BFE1D24D00A1328C62BA89 /* ImageEditControls.swift */,
				893FBBAA69ABDE7B5D03BDA9 /* InkInterop.swift */,
				00CDBBB784601FDFB342136D /* InkLatencyMeter.swift */,
				0B829DBCA4D5374715A49087 /* LinkPreviewEngine.swift */,
				7617B23BC996C4B427F52EB4 /* LocalizationManager.swift */,
				F65D4DD5D5DF9A56132D032E /* LocalizationStrings.generated.swift */,
				0FFA100928CD3224E43D7382 /* LocalRelayServer.swift */,
				51E8541179F28A49C13A1967 /* MaterialEngine.swift */,
				5DEEDC3EBFC3C910FFC5735C /* MathCalculatorSheet.swift */,
				3E642D648CC5479DA382CE35 /* MathEngine.swift */,
				61D0BC500318C879D185099E /* Model3DStudioView.swift */,
				3CD7D7A2AF99E159697538C0 /* ModelDownloadManager.swift */,
				9E0D4938AD7ED09F531105A2 /* NotebookEditorView.swift */,
				299963A100092694C08E3978 /* NotebookEncryptionSheet.swift */,
				7187AC2B18533F28DABBB98A /* NotebookMeta.swift */,
				1C19329463E6F6E313A0F1DB /* NotebookMigration.swift */,
				A09B19AED1DC70D31503F82C /* NotebookPackageBridge.swift */,
				3BD868328B64B9FB88406FB9 /* NotebookPlainText.swift */,
				CB1466C3AB0C78C44ED34AB8 /* NotebookSearchIndex.swift */,
				C72410287ED6D6BF9B550D5B /* NotebookStore.swift */,
				D76C7E92895F6C4334996D92 /* NotebookSyncCoordinator.swift */,
				4E3EF3928D3630E321C01133 /* NotebookUnlockSheet.swift */,
				56D3BCE203ED4099F1E71EFB /* NoteIntelligence.swift */,
				E90D65B77C9075837E5F50D2 /* NoteIntelligenceSheet.swift */,
				DBEA4CFB130D285D67B343EC /* NoteShape.swift */,
				C1C81A31EBC2D3D1F020B0BF /* NoteTable.swift */,
				29C630A29EC3E773EF130E2D /* ObjectFrameStyleMenu.swift */,
				94384F7616936803E2A4DAB3 /* ObjectLayerPanel.swift */,
				07DF98DF756A573952CE9BA3 /* ObjectMarquee.swift */,
				BFC2EC4F24CB728264AB91A5 /* ObjectRotationControls.swift */,
				DA14AB7B6F3436E39B58DAA1 /* ObjectStacking.swift */,
				22CA9AD55E8EDA76ABA92C78 /* OnboardingView.swift */,
				B3CEDDA81C7A0784D31A451C /* OpusAudioPlayer.swift */,
				6FF4AA82DF5A02A09AE79B7E /* PageBackgroundRepresentable.swift */,
				4F6548BCB85682AC49CE9184 /* PageGeometry.swift */,
				B9DFE7E365BA2170726481B9 /* PageGuideRenderer.swift */,
				DE6B5FAD884A88C837DD9BF2 /* PageImageRenderer.swift */,
				74C26B5B3A37A7FBDAABA8A7 /* PageRepagination.swift */,
				02895D54063C3AA4B5D30463 /* PageThumbnailRenderer.swift */,
				1064607D4E02AABFD6A63F53 /* PalmRejection.swift */,
				FD3609DAFC6CD0A448F250C1 /* PalmThresholdSheet.swift */,
				43B5E732D6E01F9549B1147D /* PdfKitDocument.swift */,
				F9BA3DC03F5BD38348D5D9DE /* PenHardware.swift */,
				0013D28CD49B4181F40017F3 /* PenHoverPreview.swift */,
				824AF14643DF914996543B0B /* ProColorPickerSheet.swift */,
				74F41D2B41DD153EEA524BBC /* ProColorWheelView.swift */,
				2E8568739E3C10539C54B9DC /* RadialMarkMenuView.swift */,
				B2929D89A7985F84100FDB68 /* RecentTemplates.swift */,
				68A635D915554C60E116768E /* RecordingMigration.swift */,
				16799A63AE107AAA8CCA34B4 /* ResizableSheet.swift */,
				EE084F883D6D8A652CD86063 /* SeedContent.swift */,
				2A90E6661A2C0079EE609AFA /* ShapeStudioView.swift */,
				774D27C6F512E16A8C9D57ED /* SidebarMetrics.swift */,
				3D05E57F469CF735B91FC514 /* SketchRefineEngine.swift */,
				1E261E85D19A557BE54973BB /* SmartMagneticSnap.swift */,
				A315B137252D82142C8E4452 /* StartupLogger.swift */,
				1FECFA7F2244CC1719BB6AC9 /* StickerCatalogue.swift */,
				554BBC1A7380B5D3506557DF /* StrokeDelta.swift */,
				F3111941E411F546450CCE85 /* StrokeWidthSlider.swift */,
				4288BEA56B9807F516BC7541 /* SyncHistory.swift */,
				8E824B2D4C00682C282AEF8E /* TableAppearance.swift */,
				AB9ADD02C399D5D1AD079D72 /* TableFormulaEvaluator.swift */,
				61C6C10FAD15645C91E246C0 /* TableStudioView.swift */,
				7418A9EE9E549FC11AB793EF /* TextBoxAppearance.swift */,
				07F27CA2672052EAEA15EBF5 /* TextBoxMetrics.swift */,
				DC2F0D7F265BF495CF6D7B79 /* ThemeSpecificToolsView.swift */,
				DC162947E9D0CD0579D7848B /* ToolbarCustomization.swift */,
				DC7046379C24B0D590B6F0E8 /* ToolbarSeparator.swift */,
				B9BFDAE4EA9BBA2EA8438447 /* WordDocumentEditorView.swift */,
				F30959766B1D00F248AD7D2D /* WordTextStudioView.swift */,
				6EA2D926C0FD0991AE0BC01D /* WrapLayout.swift */,
			);
			path = Sources;
			sourceTree = "<group>";
		};
/* End PBXGroup section */

/* Begin PBXNativeTarget section */
		1C2549A2B1BF63595E246D97 /* Kairumo */ = {
			isa = PBXNativeTarget;
			buildConfigurationList = F345055BC6733DA8C8AACEEB /* Build configuration list for PBXNativeTarget "Kairumo" */;
			buildPhases = (
				98C08BF10747CDA04D7367C8 /* Sources */,
				5B8F8427DD31427BE6752B87 /* Resources */,
				BDF231B4E97180F4659EA861 /* Frameworks */,
			);
			buildRules = (
			);
			dependencies = (
			);
			name = Kairumo;
			packageProductDependencies = (
			);
			productName = Kairumo;
			productReference = 625C3383D7E7C3F1B7A6D1F1 /* Kairumo.app */;
			productType = "com.apple.product-type.application";
		};
		3465F56E5A189758EFFC9047 /* KairumoUITests */ = {
			isa = PBXNativeTarget;
			buildConfigurationList = 354353588FCF4171C25E4904 /* Build configuration list for PBXNativeTarget "KairumoUITests" */;
			buildPhases = (
				7BC6B60A67FA3DACB4B7C409 /* Sources */,
				D5A275AFAA2385C7743E6120 /* Resources */,
			);
			buildRules = (
			);
			dependencies = (
				B53CF05FA6E893EA812863B4 /* PBXTargetDependency */,
			);
			name = KairumoUITests;
			packageProductDependencies = (
			);
			productName = KairumoUITests;
			productReference = 68513B13585ABBABB6573267 /* KairumoUITests.xctest */;
			productType = "com.apple.product-type.bundle.ui-testing";
		};
		7F1955B14385557E15DF8A34 /* KairumoTests */ = {
			isa = PBXNativeTarget;
			buildConfigurationList = 06C457184D16CE660856A6BC /* Build configuration list for PBXNativeTarget "KairumoTests" */;
			buildPhases = (
				0613935A6D382A416106394E /* Sources */,
			);
			buildRules = (
			);
			dependencies = (
				E98C1D3FCFB7360BB5E3B9D0 /* PBXTargetDependency */,
			);
			name = KairumoTests;
			packageProductDependencies = (
			);
			productName = KairumoTests;
			productReference = EE3F4D9B18C940D7D37A888E /* KairumoTests.xctest */;
			productType = "com.apple.product-type.bundle.unit-test";
		};
/* End PBXNativeTarget section */

/* Begin PBXProject section */
		0DA6FA8514EC791DE3C48575 /* Project object */ = {
			isa = PBXProject;
			attributes = {
				BuildIndependentTargetsInParallel = YES;
				LastUpgradeCheck = 1430;
				TargetAttributes = {
					1C2549A2B1BF63595E246D97 = {
						DevelopmentTeam = 6UJ8GS752W;
					};
					3465F56E5A189758EFFC9047 = {
						DevelopmentTeam = 6UJ8GS752W;
						TestTargetID = 1C2549A2B1BF63595E246D97;
					};
					7F1955B14385557E15DF8A34 = {
						DevelopmentTeam = 6UJ8GS752W;
					};
				};
			};
			buildConfigurationList = 2ADBF5A47BC781F7A576761E /* Build configuration list for PBXProject "Kairumo" */;
			developmentRegion = en;
			hasScannedForEncodings = 0;
			knownRegions = (
				Base,
				en,
			);
			mainGroup = B4C83A5E69DB56E9D3761F3B;
			minimizedProjectReferenceProxies = 1;
			preferredProjectObjectVersion = 77;
			productRefGroup = 1F93ED97981F21F996EF3DA0 /* Products */;
			projectDirPath = "";
			projectRoot = "";
			targets = (
				1C2549A2B1BF63595E246D97 /* Kairumo */,
				7F1955B14385557E15DF8A34 /* KairumoTests */,
				3465F56E5A189758EFFC9047 /* KairumoUITests */,
			);
		};
/* End PBXProject section */

/* Begin PBXResourcesBuildPhase section */
		5B8F8427DD31427BE6752B87 /* Resources */ = {
			isa = PBXResourcesBuildPhase;
			buildActionMask = 2147483647;
			files = (
				EB15B2D411DC5BA9B5335B94 /* Assets.xcassets in Resources */,
				B461E05D52232C76413B2DB2 /* Docs in Resources */,
				4514902261D4A927D6FBC105 /* Templates in Resources */,
			);
			runOnlyForDeploymentPostprocessing = 0;
		};
		D5A275AFAA2385C7743E6120 /* Resources */ = {
			isa = PBXResourcesBuildPhase;
			buildActionMask = 2147483647;
			files = (
				A0891031C863515619834B95 /* screens.json in Resources */,
			);
			runOnlyForDeploymentPostprocessing = 0;
		};
/* End PBXResourcesBuildPhase section */

/* Begin PBXSourcesBuildPhase section */
		0613935A6D382A416106394E /* Sources */ = {
			isa = PBXSourcesBuildPhase;
			buildActionMask = 2147483647;
			files = (
				E0D45411D9DA6F64C164070A /* AccessibilityLabelTests.swift in Sources */,
				1A9A173ECB3A4D6FF5470F6D /* AppCommandTests.swift in Sources */,
				44F395EF97582BCF2480ECDD /* BackupManagerTests.swift in Sources */,
				4739A382D63316D061431753 /* BrushCursorTests.swift in Sources */,
				BBA19BDEFC495AD7A5BDD2F4 /* BundledDocumentTests.swift in Sources */,
				5DB9A9B4DBCC7AABAB0B76CC /* ChartStudioTests.swift in Sources */,
				1946E25FC27F2BD84C08F133 /* CloudSyncFolderTests.swift in Sources */,
				24821FE7BF1A47236810F7C3 /* CollaborationCryptoTests.swift in Sources */,
				91FC0D28445F73F9D4685CE7 /* ConformanceVectorTests.swift in Sources */,
				978CADAB7182E4DCAB4F9372 /* DocumentTemplateTests.swift in Sources */,
				9C2756ABBB3E04433C88F83B /* ExportFidelityTests.swift in Sources */,
				C5671A19EAB4341D97B24DED /* ImageDropPlacementTests.swift in Sources */,
				C9792F66F734F3441E471BE4 /* InkInteropTests.swift in Sources */,
				E9221BA20E33E8501513541A /* InkLatencyMeterTests.swift in Sources */,
				C36BFAF3FE04CD8474F55984 /* MacReleaseConfigTests.swift in Sources */,
				A197C8D478B487947E83A0FF /* NoteIntelligenceTests.swift in Sources */,
				0B1742B04E12553332EF15CC /* NoteShapeTests.swift in Sources */,
				608CBD1AAF5601AE8EB73CCB /* NoteTableTests.swift in Sources */,
				C05676D24779BAF45BAC8F55 /* NotebookMigrationTests.swift in Sources */,
				B0078B7EFE63AC61A9459A23 /* NotebookPackageBridgeTests.swift in Sources */,
				E3842272FC4874968EB1DD2C /* NotebookSearchTests.swift in Sources */,
				DA44B3DD53605C6DD39E5FB2 /* NotebookSyncCoordinatorTests.swift in Sources */,
				15EF2E5BABD94BB93C76CC00 /* ObjectFrameStyleTests.swift in Sources */,
				11EC21E67ADCC9E01F0DFF69 /* ObjectLayerTests.swift in Sources */,
				55B00291EB5DC3259C49B3E9 /* PackageRoundTripTests.swift in Sources */,
				6444B0470BC928731D0F99F5 /* PageDeletionTests.swift in Sources */,
				63CF92B9165F66506D660059 /* PageImageRendererTests.swift in Sources */,
				8C664C6515AEE123F5150344 /* PageOrderTests.swift in Sources */,
				8B7009124FD56264BEA6268D /* PageRepaginationTests.swift in Sources */,
				99B29892A3970C9ADBADEB7E /* PalmRejectionTests.swift in Sources */,
				F91E0C4A0E48E4695D0337C6 /* PdfAnnotationInteropTests.swift in Sources */,
				4DF85F141ECE9CBA9B5E2105 /* PdfKitDocumentTests.swift in Sources */,
				ED78060E3D4FFB5D6F0A3AF6 /* PenHardwareTests.swift in Sources */,
				DA19398422DF402A5ABB16F7 /* TableStudioLayoutTests.swift in Sources */,
				F27FB2D126ECCD38DCCFE5CD /* TextBoxEditingTests.swift in Sources */,
			);
			runOnlyForDeploymentPostprocessing = 0;
		};
		7BC6B60A67FA3DACB4B7C409 /* Sources */ = {
			isa = PBXSourcesBuildPhase;
			buildActionMask = 2147483647;
			files = (
				1E31AD89CA8BEB732ADA8899 /* CanvasGestureTests.swift in Sources */,
				3CFD6D8CF0C7C32DF12770A2 /* DeadControlSurvey.swift in Sources */,
				6849D8D81A0F512DCC4FC8E8 /* InsertToolsAudit.swift in Sources */,
				1CC2292EB91628D7287E4780 /* ScreenAudit.swift in Sources */,
				613D0C4337E03D7899725FA7 /* SmokeUITests.swift in Sources */,
			);
			runOnlyForDeploymentPostprocessing = 0;
		};
		98C08BF10747CDA04D7367C8 /* Sources */ = {
			isa = PBXSourcesBuildPhase;
			buildActionMask = 2147483647;
			files = (
				C1A7C585E17B35EF60632C65 /* AccountManager.swift in Sources */,
				10FB036C7B09279D8B7F1D0E /* AccountSyncStore.swift in Sources */,
				E4B93CFE05CF96BF2F488812 /* AppCommands.swift in Sources */,
				BBA43DAF3585326259C48FE6 /* AppVersion.swift in Sources */,
				F76FDF83828E35E26345DCF5 /* AssetLibraryManager.swift in Sources */,
				31303FA237927EC5B53EFE38 /* AssetLibraryView.swift in Sources */,
				D325D948BEE1CAF365D97515 /* AudioAttachment.swift in Sources */,
				7DB76F0C390DA40B48AC10F9 /* AudioRecorderManager.swift in Sources */,
				BCF67AEC6E3360B45CBC8631 /* AudioTranscriber.swift in Sources */,
				5CAB796342EDFFC2A302A2A5 /* AutoSyncController.swift in Sources */,
				FEE111DF10D0F0623F16BEB0 /* BackupManager.swift in Sources */,
				B281348DEEE6A0978642DF8D /* BrushCursor.swift in Sources */,
				68C1811CB88877353FF14D31 /* CStubs.c in Sources */,
				57C009B329081703B31BB1EE /* CanvasScrollbar.swift in Sources */,
				5D1C65B2E7840C00F8861C94 /* ChartRenderer.swift in Sources */,
				AFE9F37C2A119458E52BA13C /* ChartSpec.swift in Sources */,
				C54CB75E7D13D0F98B966CC0 /* ChartStudioView.swift in Sources */,
				5E462BD80D8FEADB96FA1CAE /* CloudSyncFolder.swift in Sources */,
				EBB0282BC8BEC636B952FE2C /* CollaborationManager.swift in Sources */,
				6142C12FB584E6D8D7B38221 /* CollaborationSheet.swift in Sources */,
				95A26994BC9D5BCCF7291E2F /* CommentThreadView.swift in Sources */,
				B0D47F59443CA7009A7EC043 /* ContinuousPagesView.swift in Sources */,
				217E215B83C504FCE5C456D8 /* CoreAudioCapture.swift in Sources */,
				AAA8F61705854E2C0B7294DE /* DesignSystem.swift in Sources */,
				D75487376DA755EFFAD879F0 /* DocumentTemplateApply.swift in Sources */,
				C6ED27B0A6A534EF825F6F5A /* DocumentTemplateCatalog.swift in Sources */,
				7B6B71CF69CE9F1C2CB2E953 /* DocumentViewerSheet.swift in Sources */,
				1DDFAAA370E83E55EEE5AF28 /* DriveHttpClient.swift in Sources */,
				D6CF28F060E9D4456754E70D /* DynamicPortalIsland.swift in Sources */,
				B427747146A395C471480C6C /* ExportPreviewSheet.swift in Sources */,
				643674D7CEE546261D15F308 /* ExportPrintManager.swift in Sources */,
				7CD26610B793C018800B8B49 /* FeatureHint.swift in Sources */,
				FDBFCB97F11915C9DA8EA7A9 /* FloatingPanel.swift in Sources */,
				3054D36A50503BD7EC24C84C /* FloatingToolPill.swift in Sources */,
				2CD22470357DA2E190D83DBF /* GoogleAuth.swift in Sources */,
				EA5494E606E6326E6BAEB42C /* HandwritingRecognizer.swift in Sources */,
				023C029A763DC77377F7804E /* HomeWorkbenchUsage.swift in Sources */,
				B3DFF4CFC65E91FEEA6AA7B4 /* HomeWorkbenchView.swift in Sources */,
				D4DC7A6656276B57938A4F09 /* HoverHighlight.swift in Sources */,
				20C4A906FABED733ED590D60 /* ICloudSyncFolder.swift in Sources */,
				C1263F774996D8A32718A1FF /* ImageAppearance.swift in Sources */,
				633B552A6948F3E66E5C7DCD /* ImageDropPlacement.swift in Sources */,
				9BCE1D88DD79DE3FD381D46D /* ImageEditControls.swift in Sources */,
				04A2C2BA6EE78D99402F87AD /* InkInterop.swift in Sources */,
				AC68B6EC6A6BA0BF03560351 /* InkLatencyMeter.swift in Sources */,
				723A25DA76A24DB5650DCDAA /* LinkPreviewEngine.swift in Sources */,
				9F604F0E1403CBF029FDB93A /* LocalRelayServer.swift in Sources */,
				1E1747CEA9F8FB95CC222C4A /* LocalizationManager.swift in Sources */,
				B09B7D4D3FA9CB33C0E89FE0 /* LocalizationStrings.generated.swift in Sources */,
				AFF32DB932FC4031A86B8F57 /* MaterialEngine.swift in Sources */,
				4E956F4EA57EA9FAED4B8EEB /* MathCalculatorSheet.swift in Sources */,
				FC1A97633808D861B89FE967 /* MathEngine.swift in Sources */,
				EE282DFD419D4B01DE647AC2 /* Model3DStudioView.swift in Sources */,
				E0532F9BC5722231EB7E6779 /* ModelDownloadManager.swift in Sources */,
				A1A85C1177A4D0D659AED373 /* NoteIntelligence.swift in Sources */,
				CC6E899FF912FD65D58573B3 /* NoteIntelligenceSheet.swift in Sources */,
				9FC47E009EE588F6F00894D8 /* NoteShape.swift in Sources */,
				8CBE67FB1F6A87103F12949F /* NoteTable.swift in Sources */,
				880DCFF8C76BF936EADB63DF /* NotebookEditorView.swift in Sources */,
				E3A9312FAEBA705BEA9FA720 /* NotebookEncryptionSheet.swift in Sources */,
				D88846691483243AC43A8668 /* NotebookMeta.swift in Sources */,
				67CF9DE54436AC7DD3FF5065 /* NotebookMigration.swift in Sources */,
				B0A3045EEDEA33E102E52D82 /* NotebookPackageBridge.swift in Sources */,
				C16EE73071EAB3F1FE89B776 /* NotebookPlainText.swift in Sources */,
				C55F400179E7174C52F3821F /* NotebookSearchIndex.swift in Sources */,
				F582ACE682ECDB8D43C78140 /* NotebookStore.swift in Sources */,
				9F2B0BAAA1DE545936528DA8 /* NotebookSyncCoordinator.swift in Sources */,
				708160431AB7514FC43ECF76 /* NotebookUnlockSheet.swift in Sources */,
				C5C788E40414F0CEBD323695 /* ObjectFrameStyleMenu.swift in Sources */,
				260CDAF04744DB75E570A1F3 /* ObjectLayerPanel.swift in Sources */,
				F74DE2184CA0735F2E086AE3 /* ObjectMarquee.swift in Sources */,
				0D7E2AFBD2E9D88478C4DC9B /* ObjectRotationControls.swift in Sources */,
				718C3BE123192CC4792EB80C /* ObjectStacking.swift in Sources */,
				FB8410FC89F4FDB4429963C6 /* OnboardingView.swift in Sources */,
				6F06E6527CA4B83E42449AE8 /* OpusAudioPlayer.swift in Sources */,
				7538D1239BB959B0B15C6C66 /* PageBackgroundRepresentable.swift in Sources */,
				1DD235EF0430767F0F67610E /* PageGeometry.swift in Sources */,
				E8F3A38363417DE23F896842 /* PageGuideRenderer.swift in Sources */,
				7D6DE78DB8869CDC8006E534 /* PageImageRenderer.swift in Sources */,
				E77C6702EE266A8D0B24EA19 /* PageRepagination.swift in Sources */,
				2823612B8F3A376A45042712 /* PageThumbnailRenderer.swift in Sources */,
				512B7389435793F9304B338D /* PalmRejection.swift in Sources */,
				33C06FCCD5F5DF767E8DCA25 /* PalmThresholdSheet.swift in Sources */,
				582629D6ADA3FCAEA7E65830 /* PdfKitDocument.swift in Sources */,
				D22176F0157CE8624CA7590B /* PenHardware.swift in Sources */,
				65B2ADC8B553B1BE9708540A /* PenHoverPreview.swift in Sources */,
				891B35800C7FEFD3421B7293 /* ProColorPickerSheet.swift in Sources */,
				879124F0C755B79F15C42FE5 /* ProColorWheelView.swift in Sources */,
				115AA723F107721EC68777AA /* RadialMarkMenuView.swift in Sources */,
				E26B4411597679C8486D535D /* RecentTemplates.swift in Sources */,
				0EE7F03B3191160516BF1CFA /* RecordingMigration.swift in Sources */,
				F94293BCC5D971D49F94BE8C /* ResizableSheet.swift in Sources */,
				039E98A3BC24169C1031EC94 /* SeedContent.swift in Sources */,
				476A452C0006DB556DE70790 /* ShapeStudioView.swift in Sources */,
				D6D9011F4AF3BF8A23D4E72C /* SidebarMetrics.swift in Sources */,
				CF102CC89EA1C12A585B1C6C /* SketchRefineEngine.swift in Sources */,
				C044A047B1B4C1D3497CE747 /* SmartMagneticSnap.swift in Sources */,
				CFEC94B2A58A067F88A1BBC7 /* StartupLogger.swift in Sources */,
				9F575A6A1D60950F27CB7642 /* StickerCatalogue.swift in Sources */,
				60DD6270EBD20EC1C9DE009F /* StrokeDelta.swift in Sources */,
				6EB543F097562AD8E0751343 /* StrokeWidthSlider.swift in Sources */,
				76EF37A06B04F6D7A9744A1A /* SyncHistory.swift in Sources */,
				499550DA23C61C95EC0BB640 /* TableAppearance.swift in Sources */,
				10BA1BD57CA8F89E29F7E905 /* TableFormulaEvaluator.swift in Sources */,
				778281F00A39E42DC02254A7 /* TableStudioView.swift in Sources */,
				8677E2062758DE5EA2EEE87F /* TextBoxAppearance.swift in Sources */,
				A4E78AFAEE5B0C91C172F7AC /* TextBoxMetrics.swift in Sources */,
				DA9086448B1E257FEC002D07 /* ThemeSpecificToolsView.swift in Sources */,
				B93880F17A79F17C6474B133 /* ToolbarCustomization.swift in Sources */,
				D259D790432BD38F30537209 /* ToolbarSeparator.swift in Sources */,
				A44EE7C0B4F7E4620207AD56 /* WordDocumentEditorView.swift in Sources */,
				7BF616F79113EDEF36132B11 /* WordTextStudioView.swift in Sources */,
				FE7819F27B65DF1C258ED52E /* WrapLayout.swift in Sources */,
				4778715DC0B3FB2B8CAB004B /* padnote_core.swift in Sources */,
			);
			runOnlyForDeploymentPostprocessing = 0;
		};
/* End PBXSourcesBuildPhase section */

/* Begin PBXTargetDependency section */
		B53CF05FA6E893EA812863B4 /* PBXTargetDependency */ = {
			isa = PBXTargetDependency;
			target = 1C2549A2B1BF63595E246D97 /* Kairumo */;
			targetProxy = 26183387B2FD0219EE13CF0C /* PBXContainerItemProxy */;
		};
		E98C1D3FCFB7360BB5E3B9D0 /* PBXTargetDependency */ = {
			isa = PBXTargetDependency;
			target = 1C2549A2B1BF63595E246D97 /* Kairumo */;
			targetProxy = 3AAF567082E0ECA079E333F2 /* PBXContainerItemProxy */;
		};
/* End PBXTargetDependency section */

/* Begin XCBuildConfiguration section */
		01D0ADD488FC3DDC8F5B9FD3 /* Release */ = {
			isa = XCBuildConfiguration;
			buildSettings = {
				ALWAYS_SEARCH_USER_PATHS = NO;
				CLANG_ANALYZER_NONNULL = YES;
				CLANG_ANALYZER_NUMBER_OBJECT_CONVERSION = YES_AGGRESSIVE;
				CLANG_CXX_LANGUAGE_STANDARD = "gnu++14";
				CLANG_CXX_LIBRARY = "libc++";
				CLANG_ENABLE_MODULES = YES;
				CLANG_ENABLE_OBJC_ARC = YES;
				CLANG_ENABLE_OBJC_WEAK = YES;
				CLANG_WARN_BLOCK_CAPTURE_AUTORELEASING = YES;
				CLANG_WARN_BOOL_CONVERSION = YES;
				CLANG_WARN_COMMA = YES;
				CLANG_WARN_CONSTANT_CONVERSION = YES;
				CLANG_WARN_DEPRECATED_OBJC_IMPLEMENTATIONS = YES;
				CLANG_WARN_DIRECT_OBJC_ISA_USAGE = YES_ERROR;
				CLANG_WARN_DOCUMENTATION_COMMENTS = YES;
				CLANG_WARN_EMPTY_BODY = YES;
				CLANG_WARN_ENUM_CONVERSION = YES;
				CLANG_WARN_INFINITE_RECURSION = YES;
				CLANG_WARN_INT_CONVERSION = YES;
				CLANG_WARN_NON_LITERAL_NULL_CONVERSION = YES;
				CLANG_WARN_OBJC_IMPLICIT_RETAIN_SELF = YES;
				CLANG_WARN_OBJC_LITERAL_CONVERSION = YES;
				CLANG_WARN_OBJC_ROOT_CLASS = YES_ERROR;
				CLANG_WARN_QUOTED_INCLUDE_IN_FRAMEWORK_HEADER = YES;
				CLANG_WARN_RANGE_LOOP_ANALYSIS = YES;
				CLANG_WARN_STRICT_PROTOTYPES = YES;
				CLANG_WARN_SUSPICIOUS_MOVE = YES;
				CLANG_WARN_UNGUARDED_AVAILABILITY = YES_AGGRESSIVE;
				CLANG_WARN_UNREACHABLE_CODE = YES;
				CLANG_WARN__DUPLICATE_METHOD_MATCH = YES;
				COPY_PHASE_STRIP = NO;
				DEBUG_INFORMATION_FORMAT = "dwarf-with-dsym";
				ENABLE_NS_ASSERTIONS = NO;
				ENABLE_STRICT_OBJC_MSGSEND = YES;
				GCC_C_LANGUAGE_STANDARD = gnu11;
				GCC_NO_COMMON_BLOCKS = YES;
				GCC_WARN_64_TO_32_BIT_CONVERSION = YES;
				GCC_WARN_ABOUT_RETURN_TYPE = YES_ERROR;
				GCC_WARN_UNDECLARED_SELECTOR = YES;
				GCC_WARN_UNINITIALIZED_AUTOS = YES_AGGRESSIVE;
				GCC_WARN_UNUSED_FUNCTION = YES;
				GCC_WARN_UNUSED_VARIABLE = YES;
				IPHONEOS_DEPLOYMENT_TARGET = 16.0;
				MTL_ENABLE_DEBUG_INFO = NO;
				MTL_FAST_MATH = YES;
				PRODUCT_NAME = "$(TARGET_NAME)";
				SDKROOT = iphoneos;
				SWIFT_COMPILATION_MODE = wholemodule;
				SWIFT_OPTIMIZATION_LEVEL = "-O";
				SWIFT_VERSION = 5.0;
			};
			name = Release;
		};
		0401AC436B12F1D361AA9001 /* Release */ = {
			isa = XCBuildConfiguration;
			buildSettings = {
				BUNDLE_LOADER = "$(TEST_HOST)";
				DEVELOPMENT_TEAM = 6UJ8GS752W;
				GENERATE_INFOPLIST_FILE = YES;
				LD_RUNPATH_SEARCH_PATHS = (
					"$(inherited)",
					"@executable_path/Frameworks",
					"@loader_path/Frameworks",
				);
				PRODUCT_BUNDLE_IDENTIFIER = com.kairumo.padnote.tests;
				SDKROOT = iphoneos;
				TARGETED_DEVICE_FAMILY = "1,2";
				TEST_HOST = "$(BUILT_PRODUCTS_DIR)/Kairumo.app/Kairumo";
			};
			name = Release;
		};
		589075731BD5B3FA09E56476 /* Debug */ = {
			isa = XCBuildConfiguration;
			buildSettings = {
				ALWAYS_SEARCH_USER_PATHS = NO;
				CLANG_ANALYZER_NONNULL = YES;
				CLANG_ANALYZER_NUMBER_OBJECT_CONVERSION = YES_AGGRESSIVE;
				CLANG_CXX_LANGUAGE_STANDARD = "gnu++14";
				CLANG_CXX_LIBRARY = "libc++";
				CLANG_ENABLE_MODULES = YES;
				CLANG_ENABLE_OBJC_ARC = YES;
				CLANG_ENABLE_OBJC_WEAK = YES;
				CLANG_WARN_BLOCK_CAPTURE_AUTORELEASING = YES;
				CLANG_WARN_BOOL_CONVERSION = YES;
				CLANG_WARN_COMMA = YES;
				CLANG_WARN_CONSTANT_CONVERSION = YES;
				CLANG_WARN_DEPRECATED_OBJC_IMPLEMENTATIONS = YES;
				CLANG_WARN_DIRECT_OBJC_ISA_USAGE = YES_ERROR;
				CLANG_WARN_DOCUMENTATION_COMMENTS = YES;
				CLANG_WARN_EMPTY_BODY = YES;
				CLANG_WARN_ENUM_CONVERSION = YES;
				CLANG_WARN_INFINITE_RECURSION = YES;
				CLANG_WARN_INT_CONVERSION = YES;
				CLANG_WARN_NON_LITERAL_NULL_CONVERSION = YES;
				CLANG_WARN_OBJC_IMPLICIT_RETAIN_SELF = YES;
				CLANG_WARN_OBJC_LITERAL_CONVERSION = YES;
				CLANG_WARN_OBJC_ROOT_CLASS = YES_ERROR;
				CLANG_WARN_QUOTED_INCLUDE_IN_FRAMEWORK_HEADER = YES;
				CLANG_WARN_RANGE_LOOP_ANALYSIS = YES;
				CLANG_WARN_STRICT_PROTOTYPES = YES;
				CLANG_WARN_SUSPICIOUS_MOVE = YES;
				CLANG_WARN_UNGUARDED_AVAILABILITY = YES_AGGRESSIVE;
				CLANG_WARN_UNREACHABLE_CODE = YES;
				CLANG_WARN__DUPLICATE_METHOD_MATCH = YES;
				COPY_PHASE_STRIP = NO;
				DEBUG_INFORMATION_FORMAT = dwarf;
				ENABLE_STRICT_OBJC_MSGSEND = YES;
				ENABLE_TESTABILITY = YES;
				GCC_C_LANGUAGE_STANDARD = gnu11;
				GCC_DYNAMIC_NO_PIC = NO;
				GCC_NO_COMMON_BLOCKS = YES;
				GCC_OPTIMIZATION_LEVEL = 0;
				GCC_PREPROCESSOR_DEFINITIONS = (
					"$(inherited)",
					"DEBUG=1",
				);
				GCC_WARN_64_TO_32_BIT_CONVERSION = YES;
				GCC_WARN_ABOUT_RETURN_TYPE = YES_ERROR;
				GCC_WARN_UNDECLARED_SELECTOR = YES;
				GCC_WARN_UNINITIALIZED_AUTOS = YES_AGGRESSIVE;
				GCC_WARN_UNUSED_FUNCTION = YES;
				GCC_WARN_UNUSED_VARIABLE = YES;
				IPHONEOS_DEPLOYMENT_TARGET = 16.0;
				MTL_ENABLE_DEBUG_INFO = INCLUDE_SOURCE;
				MTL_FAST_MATH = YES;
				ONLY_ACTIVE_ARCH = YES;
				PRODUCT_NAME = "$(TARGET_NAME)";
				SDKROOT = iphoneos;
				SWIFT_ACTIVE_COMPILATION_CONDITIONS = DEBUG;
				SWIFT_OPTIMIZATION_LEVEL = "-Onone";
				SWIFT_VERSION = 5.0;
			};
			name = Debug;
		};
		9A4BF9B04C3066A5B09D2059 /* Debug */ = {
			isa = XCBuildConfiguration;
			buildSettings = {
				BUNDLE_LOADER = "$(TEST_HOST)";
				DEVELOPMENT_TEAM = 6UJ8GS752W;
				GENERATE_INFOPLIST_FILE = YES;
				LD_RUNPATH_SEARCH_PATHS = (
					"$(inherited)",
					"@executable_path/Frameworks",
					"@loader_path/Frameworks",
				);
				PRODUCT_BUNDLE_IDENTIFIER = com.kairumo.padnote.uitests;
				SDKROOT = iphoneos;
				TARGETED_DEVICE_FAMILY = "1,2";
				TEST_TARGET_NAME = Kairumo;
			};
			name = Debug;
		};
		A6C36DFF6214AE9B8CB512AB /* Debug */ = {
			isa = XCBuildConfiguration;
			buildSettings = {
				ARCHS = arm64;
				ASSETCATALOG_COMPILER_APPICON_NAME = AppIcon;
				"CODE_SIGN_ENTITLEMENTS[sdk=macosx*]" = "Kairumo-Mac.entitlements";
				CODE_SIGN_IDENTITY = "iPhone Developer";
				CURRENT_PROJECT_VERSION = 60;
				DEVELOPMENT_TEAM = 6UJ8GS752W;
				ENABLE_BITCODE = NO;
				FRAMEWORK_SEARCH_PATHS = (
					"$(inherited)",
					"\".\"",
				);
				GENERATE_INFOPLIST_FILE = YES;
				INFOPLIST_FILE = Info.plist;
				INFOPLIST_KEY_CFBundleDisplayName = Kairumo;
				INFOPLIST_KEY_CFBundleIconName = AppIcon;
				INFOPLIST_KEY_CFBundleShortVersionString = 4.8.2;
				INFOPLIST_KEY_CFBundleVersion = 60;
				INFOPLIST_KEY_ITSAppUsesNonExemptEncryption = NO;
				INFOPLIST_KEY_LSApplicationCategoryType = "public.app-category.productivity";
				INFOPLIST_KEY_NSLocalNetworkUsageDescription = "Kairumo 需要區域網路權限，以便在同一個 Wi-Fi 網路下直接與協同夥伴連線共同編輯筆記，所有傳輸均經端對端加密且不經外部伺服器。";
				INFOPLIST_KEY_NSMicrophoneUsageDescription = "Kairumo 需要使用麥克風，以便在課堂或會議中錄製語音筆記，並讓手寫筆劃與錄音時間軸即時動態對齊。";
				INFOPLIST_KEY_NSPhotoLibraryAddUsageDescription = "Kairumo 需要儲存圖片權限，以便將您導出的筆記頁面或繪圖成果儲存至相片圖庫。";
				INFOPLIST_KEY_NSPhotoLibraryUsageDescription = "Kairumo 需要存取您的相片圖庫，以便您挑選圖片插入筆記頁面進行批註與繪製。";
				INFOPLIST_KEY_NSSpeechRecognitionUsageDescription = "Kairumo 需要語音辨識權限，以便在您的裝置端將錄音語音即時轉錄為文字稿，並直接插入筆記畫布。";
				INFOPLIST_KEY_UILaunchScreen_Generation = YES;
				INFOPLIST_KEY_UISupportedInterfaceOrientations_iPad = "UIInterfaceOrientationPortrait UIInterfaceOrientationPortraitUpsideDown UIInterfaceOrientationLandscapeLeft UIInterfaceOrientationLandscapeRight";
				IPHONEOS_DEPLOYMENT_TARGET = 16.0;
				LD_RUNPATH_SEARCH_PATHS = (
					"$(inherited)",
					"@executable_path/Frameworks",
				);
				MARKETING_VERSION = 4.8.2;
				OTHER_LDFLAGS = (
					"$(inherited)",
					"-lc++",
				);
				PRODUCT_BUNDLE_IDENTIFIER = com.kairumo.padnote;
				PRODUCT_NAME = Kairumo;
				SDKROOT = iphoneos;
				SUPPORTS_MACCATALYST = YES;
				SWIFT_VERSION = 5.0;
				TARGETED_DEVICE_FAMILY = "1,2,6";
			};
			name = Debug;
		};
		BADEF4C07CF4149C958F6329 /* Release */ = {
			isa = XCBuildConfiguration;
			buildSettings = {
				BUNDLE_LOADER = "$(TEST_HOST)";
				DEVELOPMENT_TEAM = 6UJ8GS752W;
				GENERATE_INFOPLIST_FILE = YES;
				LD_RUNPATH_SEARCH_PATHS = (
					"$(inherited)",
					"@executable_path/Frameworks",
					"@loader_path/Frameworks",
				);
				PRODUCT_BUNDLE_IDENTIFIER = com.kairumo.padnote.uitests;
				SDKROOT = iphoneos;
				TARGETED_DEVICE_FAMILY = "1,2";
				TEST_TARGET_NAME = Kairumo;
			};
			name = Release;
		};
		C3B90F179C795F8F3FCC68F4 /* Debug */ = {
			isa = XCBuildConfiguration;
			buildSettings = {
				BUNDLE_LOADER = "$(TEST_HOST)";
				DEVELOPMENT_TEAM = 6UJ8GS752W;
				GENERATE_INFOPLIST_FILE = YES;
				LD_RUNPATH_SEARCH_PATHS = (
					"$(inherited)",
					"@executable_path/Frameworks",
					"@loader_path/Frameworks",
				);
				PRODUCT_BUNDLE_IDENTIFIER = com.kairumo.padnote.tests;
				SDKROOT = iphoneos;
				TARGETED_DEVICE_FAMILY = "1,2";
				TEST_HOST = "$(BUILT_PRODUCTS_DIR)/Kairumo.app/Kairumo";
			};
			name = Debug;
		};
		D40BC10D8EF7763B93420CA9 /* Release */ = {
			isa = XCBuildConfiguration;
			buildSettings = {
				ARCHS = arm64;
				ASSETCATALOG_COMPILER_APPICON_NAME = AppIcon;
				"CODE_SIGN_ENTITLEMENTS[sdk=macosx*]" = "Kairumo-Mac.entitlements";
				CODE_SIGN_IDENTITY = "iPhone Developer";
				CURRENT_PROJECT_VERSION = 60;
				DEVELOPMENT_TEAM = 6UJ8GS752W;
				ENABLE_BITCODE = NO;
				FRAMEWORK_SEARCH_PATHS = (
					"$(inherited)",
					"\".\"",
				);
				GENERATE_INFOPLIST_FILE = YES;
				INFOPLIST_FILE = Info.plist;
				INFOPLIST_KEY_CFBundleDisplayName = Kairumo;
				INFOPLIST_KEY_CFBundleIconName = AppIcon;
				INFOPLIST_KEY_CFBundleShortVersionString = 4.8.2;
				INFOPLIST_KEY_CFBundleVersion = 60;
				INFOPLIST_KEY_ITSAppUsesNonExemptEncryption = NO;
				INFOPLIST_KEY_LSApplicationCategoryType = "public.app-category.productivity";
				INFOPLIST_KEY_NSLocalNetworkUsageDescription = "Kairumo 需要區域網路權限，以便在同一個 Wi-Fi 網路下直接與協同夥伴連線共同編輯筆記，所有傳輸均經端對端加密且不經外部伺服器。";
				INFOPLIST_KEY_NSMicrophoneUsageDescription = "Kairumo 需要使用麥克風，以便在課堂或會議中錄製語音筆記，並讓手寫筆劃與錄音時間軸即時動態對齊。";
				INFOPLIST_KEY_NSPhotoLibraryAddUsageDescription = "Kairumo 需要儲存圖片權限，以便將您導出的筆記頁面或繪圖成果儲存至相片圖庫。";
				INFOPLIST_KEY_NSPhotoLibraryUsageDescription = "Kairumo 需要存取您的相片圖庫，以便您挑選圖片插入筆記頁面進行批註與繪製。";
				INFOPLIST_KEY_NSSpeechRecognitionUsageDescription = "Kairumo 需要語音辨識權限，以便在您的裝置端將錄音語音即時轉錄為文字稿，並直接插入筆記畫布。";
				INFOPLIST_KEY_UILaunchScreen_Generation = YES;
				INFOPLIST_KEY_UISupportedInterfaceOrientations_iPad = "UIInterfaceOrientationPortrait UIInterfaceOrientationPortraitUpsideDown UIInterfaceOrientationLandscapeLeft UIInterfaceOrientationLandscapeRight";
				IPHONEOS_DEPLOYMENT_TARGET = 16.0;
				LD_RUNPATH_SEARCH_PATHS = (
					"$(inherited)",
					"@executable_path/Frameworks",
				);
				MARKETING_VERSION = 4.8.2;
				OTHER_LDFLAGS = (
					"$(inherited)",
					"-lc++",
				);
				PRODUCT_BUNDLE_IDENTIFIER = com.kairumo.padnote;
				PRODUCT_NAME = Kairumo;
				SDKROOT = iphoneos;
				SUPPORTS_MACCATALYST = YES;
				SWIFT_VERSION = 5.0;
				TARGETED_DEVICE_FAMILY = "1,2,6";
			};
			name = Release;
		};
/* End XCBuildConfiguration section */

/* Begin XCConfigurationList section */
		06C457184D16CE660856A6BC /* Build configuration list for PBXNativeTarget "KairumoTests" */ = {
			isa = XCConfigurationList;
			buildConfigurations = (
				C3B90F179C795F8F3FCC68F4 /* Debug */,
				0401AC436B12F1D361AA9001 /* Release */,
			);
			defaultConfigurationIsVisible = 0;
			defaultConfigurationName = Debug;
		};
		2ADBF5A47BC781F7A576761E /* Build configuration list for PBXProject "Kairumo" */ = {
			isa = XCConfigurationList;
			buildConfigurations = (
				589075731BD5B3FA09E56476 /* Debug */,
				01D0ADD488FC3DDC8F5B9FD3 /* Release */,
			);
			defaultConfigurationIsVisible = 0;
			defaultConfigurationName = Debug;
		};
		354353588FCF4171C25E4904 /* Build configuration list for PBXNativeTarget "KairumoUITests" */ = {
			isa = XCConfigurationList;
			buildConfigurations = (
				9A4BF9B04C3066A5B09D2059 /* Debug */,
				BADEF4C07CF4149C958F6329 /* Release */,
			);
			defaultConfigurationIsVisible = 0;
			defaultConfigurationName = Debug;
		};
		F345055BC6733DA8C8AACEEB /* Build configuration list for PBXNativeTarget "Kairumo" */ = {
			isa = XCConfigurationList;
			buildConfigurations = (
				A6C36DFF6214AE9B8CB512AB /* Debug */,
				D40BC10D8EF7763B93420CA9 /* Release */,
			);
			defaultConfigurationIsVisible = 0;
			defaultConfigurationName = Debug;
		};
/* End XCConfigurationList section */
	};
	rootObject = 0DA6FA8514EC791DE3C48575 /* Project object */;
}
