// !$*UTF8*$!
{
	archiveVersion = 1;
	classes = {
	};
	objectVersion = 77;
	objects = {

/* Begin PBXBuildFile section */
		023C029A763DC77377F7804E /* HomeWorkbenchUsage.swift in Sources */ = {isa = PBXBuildFile; fileRef = AB04C4FA3426304F705E5046 /* HomeWorkbenchUsage.swift */; };
		04A2C2BA6EE78D99402F87AD /* InkInterop.swift in Sources */ = {isa = PBXBuildFile; fileRef = 893FBBAA69ABDE7B5D03BDA9 /* InkInterop.swift */; };
		1E1747CEA9F8FB95CC222C4A /* LocalizationManager.swift in Sources */ = {isa = PBXBuildFile; fileRef = 7617B23BC996C4B427F52EB4 /* LocalizationManager.swift */; };
		2823612B8F3A376A45042712 /* PageThumbnailRenderer.swift in Sources */ = {isa = PBXBuildFile; fileRef = 02895D54063C3AA4B5D30463 /* PageThumbnailRenderer.swift */; };
		31303FA237927EC5B53EFE38 /* AssetLibraryView.swift in Sources */ = {isa = PBXBuildFile; fileRef = A351D8EB2219ECF83FF78645 /* AssetLibraryView.swift */; };
		4778715DC0B3FB2B8CAB004B /* padnote_core.swift in Sources */ = {isa = PBXBuildFile; fileRef = 28A8E33C21E81EED174CEBA3 /* padnote_core.swift */; };
		4E956F4EA57EA9FAED4B8EEB /* MathCalculatorSheet.swift in Sources */ = {isa = PBXBuildFile; fileRef = 5DEEDC3EBFC3C910FFC5735C /* MathCalculatorSheet.swift */; };
		57C009B329081703B31BB1EE /* CanvasScrollbar.swift in Sources */ = {isa = PBXBuildFile; fileRef = 5B72B2C88A99AD52C89B0787 /* CanvasScrollbar.swift */; };
		613D0C4337E03D7899725FA7 /* SmokeUITests.swift in Sources */ = {isa = PBXBuildFile; fileRef = DC6D1F547D3EA6FBF9266760 /* SmokeUITests.swift */; };
		6142C12FB584E6D8D7B38221 /* CollaborationSheet.swift in Sources */ = {isa = PBXBuildFile; fileRef = 0FF2EC412BA37683FBBE2FC1 /* CollaborationSheet.swift */; };
		643674D7CEE546261D15F308 /* ExportPrintManager.swift in Sources */ = {isa = PBXBuildFile; fileRef = E7BBB164B4ED22BB56939A40 /* ExportPrintManager.swift */; };
		68C1811CB88877353FF14D31 /* CStubs.c in Sources */ = {isa = PBXBuildFile; fileRef = 26F09C378F9F1B6835D9ECB2 /* CStubs.c */; };
		723A25DA76A24DB5650DCDAA /* LinkPreviewEngine.swift in Sources */ = {isa = PBXBuildFile; fileRef = 0B829DBCA4D5374715A49087 /* LinkPreviewEngine.swift */; };
		7B6B71CF69CE9F1C2CB2E953 /* DocumentViewerSheet.swift in Sources */ = {isa = PBXBuildFile; fileRef = 59E46CD750DA486212251DC0 /* DocumentViewerSheet.swift */; };
		7BF616F79113EDEF36132B11 /* WordTextStudioView.swift in Sources */ = {isa = PBXBuildFile; fileRef = F30959766B1D00F248AD7D2D /* WordTextStudioView.swift */; };
		7DB76F0C390DA40B48AC10F9 /* AudioRecorderManager.swift in Sources */ = {isa = PBXBuildFile; fileRef = 8FEF2B249C62AD4AE2E3C246 /* AudioRecorderManager.swift */; };
		880DCFF8C76BF936EADB63DF /* NotebookEditorView.swift in Sources */ = {isa = PBXBuildFile; fileRef = 9E0D4938AD7ED09F531105A2 /* NotebookEditorView.swift */; };
		891B35800C7FEFD3421B7293 /* ProColorPickerSheet.swift in Sources */ = {isa = PBXBuildFile; fileRef = 824AF14643DF914996543B0B /* ProColorPickerSheet.swift */; };
		95A26994BC9D5BCCF7291E2F /* CommentThreadView.swift in Sources */ = {isa = PBXBuildFile; fileRef = 205572122F598A01BD07BC2A /* CommentThreadView.swift */; };
		9BCE1D88DD79DE3FD381D46D /* ImageEditControls.swift in Sources */ = {isa = PBXBuildFile; fileRef = 29BFE1D24D00A1328C62BA89 /* ImageEditControls.swift */; };
		9F604F0E1403CBF029FDB93A /* LocalRelayServer.swift in Sources */ = {isa = PBXBuildFile; fileRef = 0FFA100928CD3224E43D7382 /* LocalRelayServer.swift */; };
		A63608E6DD600F35CB565FE4 /* PadnoteCore.xcframework in Frameworks */ = {isa = PBXBuildFile; fileRef = 7245DE41B9104E9F47F0C21B /* PadnoteCore.xcframework */; };
		AFF32DB932FC4031A86B8F57 /* MaterialEngine.swift in Sources */ = {isa = PBXBuildFile; fileRef = 51E8541179F28A49C13A1967 /* MaterialEngine.swift */; };
		B09B7D4D3FA9CB33C0E89FE0 /* LocalizationStrings.generated.swift in Sources */ = {isa = PBXBuildFile; fileRef = F65D4DD5D5DF9A56132D032E /* LocalizationStrings.generated.swift */; };
		B3DFF4CFC65E91FEEA6AA7B4 /* HomeWorkbenchView.swift in Sources */ = {isa = PBXBuildFile; fileRef = 236D7B7260C10A27D9EA3771 /* HomeWorkbenchView.swift */; };
		B461E05D52232C76413B2DB2 /* Docs in Resources */ = {isa = PBXBuildFile; fileRef = B7FE882F90D6ABA99E0820BF /* Docs */; };
		BBA43DAF3585326259C48FE6 /* AppVersion.swift in Sources */ = {isa = PBXBuildFile; fileRef = D059ACC4F96D906F5A18970D /* AppVersion.swift */; };
		C1A7C585E17B35EF60632C65 /* AccountManager.swift in Sources */ = {isa = PBXBuildFile; fileRef = 76577BBB3DC564A4B287380C /* AccountManager.swift */; };
		C54CB75E7D13D0F98B966CC0 /* ChartStudioView.swift in Sources */ = {isa = PBXBuildFile; fileRef = 86EC0F8038D34C787D2A729D /* ChartStudioView.swift */; };
		C9792F66F734F3441E471BE4 /* InkInteropTests.swift in Sources */ = {isa = PBXBuildFile; fileRef = 691C8F15D077838E27650DFC /* InkInteropTests.swift */; };
		CF102CC89EA1C12A585B1C6C /* SketchRefineEngine.swift in Sources */ = {isa = PBXBuildFile; fileRef = 3D05E57F469CF735B91FC514 /* SketchRefineEngine.swift */; };
		D259D790432BD38F30537209 /* ToolbarSeparator.swift in Sources */ = {isa = PBXBuildFile; fileRef = DC7046379C24B0D590B6F0E8 /* ToolbarSeparator.swift */; };
		DA9086448B1E257FEC002D07 /* ThemeSpecificToolsView.swift in Sources */ = {isa = PBXBuildFile; fileRef = DC2F0D7F265BF495CF6D7B79 /* ThemeSpecificToolsView.swift */; };
		EB15B2D411DC5BA9B5335B94 /* Assets.xcassets in Resources */ = {isa = PBXBuildFile; fileRef = 9DEABFE677080C2925F1968D /* Assets.xcassets */; };
		EBB0282BC8BEC636B952FE2C /* CollaborationManager.swift in Sources */ = {isa = PBXBuildFile; fileRef = 44D061C8E2977FB257C12E81 /* CollaborationManager.swift */; };
		EE282DFD419D4B01DE647AC2 /* Model3DStudioView.swift in Sources */ = {isa = PBXBuildFile; fileRef = 61D0BC500318C879D185099E /* Model3DStudioView.swift */; };
		F582ACE682ECDB8D43C78140 /* NotebookStore.swift in Sources */ = {isa = PBXBuildFile; fileRef = C72410287ED6D6BF9B550D5B /* NotebookStore.swift */; };
		F76FDF83828E35E26345DCF5 /* AssetLibraryManager.swift in Sources */ = {isa = PBXBuildFile; fileRef = DA24513DE1A6A5996FB190AC /* AssetLibraryManager.swift */; };
		FC1A97633808D861B89FE967 /* MathEngine.swift in Sources */ = {isa = PBXBuildFile; fileRef = 3E642D648CC5479DA382CE35 /* MathEngine.swift */; };
		FDBFCB97F11915C9DA8EA7A9 /* FloatingPanel.swift in Sources */ = {isa = PBXBuildFile; fileRef = A94975999121E1FFF8139B6A /* FloatingPanel.swift */; };
		FE7819F27B65DF1C258ED52E /* WrapLayout.swift in Sources */ = {isa = PBXBuildFile; fileRef = 6EA2D926C0FD0991AE0BC01D /* WrapLayout.swift */; };
/* End PBXBuildFile section */

/* Begin PBXContainerItemProxy section */
		26183387B2FD0219EE13CF0C /* PBXContainerItemProxy */ = {
			isa = PBXContainerItemProxy;
			containerPortal = 0DA6FA8514EC791DE3C48575 /* Project object */;
			proxyType = 1;
			remoteGlobalIDString = 1C2549A2B1BF63595E246D97;
			remoteInfo = Kairumo;
		};
		3AAF567082E0ECA079E333F2 /* PBXContainerItemProxy */ = {
			isa = PBXContainerItemProxy;
			containerPortal = 0DA6FA8514EC791DE3C48575 /* Project object */;
			proxyType = 1;
			remoteGlobalIDString = 1C2549A2B1BF63595E246D97;
			remoteInfo = Kairumo;
		};
/* End PBXContainerItemProxy section */

/* Begin PBXFileReference section */
		02895D54063C3AA4B5D30463 /* PageThumbnailRenderer.swift */ = {isa = PBXFileReference; lastKnownFileType = sourcecode.swift; path = PageThumbnailRenderer.swift; sourceTree = "<group>"; };
		0B829DBCA4D5374715A49087 /* LinkPreviewEngine.swift */ = {isa = PBXFileReference; lastKnownFileType = sourcecode.swift; path = LinkPreviewEngine.swift; sourceTree = "<group>"; };
		0FF2EC412BA37683FBBE2FC1 /* CollaborationSheet.swift */ = {isa = PBXFileReference; lastKnownFileType = sourcecode.swift; path = CollaborationSheet.swift; sourceTree = "<group>"; };
		0FFA100928CD3224E43D7382 /* LocalRelayServer.swift */ = {isa = PBXFileReference; lastKnownFileType = sourcecode.swift; path = LocalRelayServer.swift; sourceTree = "<group>"; };
		205572122F598A01BD07BC2A /* CommentThreadView.swift */ = {isa = PBXFileReference; lastKnownFileType = sourcecode.swift; path = CommentThreadView.swift; sourceTree = "<group>"; };
		236D7B7260C10A27D9EA3771 /* HomeWorkbenchView.swift */ = {isa = PBXFileReference; lastKnownFileType = sourcecode.swift; path = HomeWorkbenchView.swift; sourceTree = "<group>"; };
		26F09C378F9F1B6835D9ECB2 /* CStubs.c */ = {isa = PBXFileReference; lastKnownFileType = sourcecode.c.c; path = CStubs.c; sourceTree = "<group>"; };
		28A8E33C21E81EED174CEBA3 /* padnote_core.swift */ = {isa = PBXFileReference; lastKnownFileType = sourcecode.swift; path = padnote_core.swift; sourceTree = "<group>"; };
		29BFE1D24D00A1328C62BA89 /* ImageEditControls.swift */ = {isa = PBXFileReference; lastKnownFileType = sourcecode.swift; path = ImageEditControls.swift; sourceTree = "<group>"; };
		3D05E57F469CF735B91FC514 /* SketchRefineEngine.swift */ = {isa = PBXFileReference; lastKnownFileType = sourcecode.swift; path = SketchRefineEngine.swift; sourceTree = "<group>"; };
		3E642D648CC5479DA382CE35 /* MathEngine.swift */ = {isa = PBXFileReference; lastKnownFileType = sourcecode.swift; path = MathEngine.swift; sourceTree = "<group>"; };
		44D061C8E2977FB257C12E81 /* CollaborationManager.swift */ = {isa = PBXFileReference; lastKnownFileType = sourcecode.swift; path = CollaborationManager.swift; sourceTree = "<group>"; };
		51E8541179F28A49C13A1967 /* MaterialEngine.swift */ = {isa = PBXFileReference; lastKnownFileType = sourcecode.swift; path = MaterialEngine.swift; sourceTree = "<group>"; };
		59E46CD750DA486212251DC0 /* DocumentViewerSheet.swift */ = {isa = PBXFileReference; lastKnownFileType = sourcecode.swift; path = DocumentViewerSheet.swift; sourceTree = "<group>"; };
		5B72B2C88A99AD52C89B0787 /* CanvasScrollbar.swift */ = {isa = PBXFileReference; lastKnownFileType = sourcecode.swift; path = CanvasScrollbar.swift; sourceTree = "<group>"; };
		5DEEDC3EBFC3C910FFC5735C /* MathCalculatorSheet.swift */ = {isa = PBXFileReference; lastKnownFileType = sourcecode.swift; path = MathCalculatorSheet.swift; sourceTree = "<group>"; };
		61D0BC500318C879D185099E /* Model3DStudioView.swift */ = {isa = PBXFileReference; lastKnownFileType = sourcecode.swift; path = Model3DStudioView.swift; sourceTree = "<group>"; };
		625C3383D7E7C3F1B7A6D1F1 /* Kairumo.app */ = {isa = PBXFileReference; includeInIndex = 0; lastKnownFileType = wrapper.application; path = Kairumo.app; sourceTree = BUILT_PRODUCTS_DIR; };
		68513B13585ABBABB6573267 /* KairumoUITests.xctest */ = {isa = PBXFileReference; includeInIndex = 0; lastKnownFileType = wrapper.cfbundle; path = KairumoUITests.xctest; sourceTree = BUILT_PRODUCTS_DIR; };
		691C8F15D077838E27650DFC /* InkInteropTests.swift */ = {isa = PBXFileReference; lastKnownFileType = sourcecode.swift; path = InkInteropTests.swift; sourceTree = "<group>"; };
		6EA2D926C0FD0991AE0BC01D /* WrapLayout.swift */ = {isa = PBXFileReference; lastKnownFileType = sourcecode.swift; path = WrapLayout.swift; sourceTree = "<group>"; };
		7245DE41B9104E9F47F0C21B /* PadnoteCore.xcframework */ = {isa = PBXFileReference; lastKnownFileType = wrapper.xcframework; path = PadnoteCore.xcframework; sourceTree = "<group>"; };
		7617B23BC996C4B427F52EB4 /* LocalizationManager.swift */ = {isa = PBXFileReference; lastKnownFileType = sourcecode.swift; path = LocalizationManager.swift; sourceTree = "<group>"; };
		76577BBB3DC564A4B287380C /* AccountManager.swift */ = {isa = PBXFileReference; lastKnownFileType = sourcecode.swift; path = AccountManager.swift; sourceTree = "<group>"; };
		824AF14643DF914996543B0B /* ProColorPickerSheet.swift */ = {isa = PBXFileReference; lastKnownFileType = sourcecode.swift; path = ProColorPickerSheet.swift; sourceTree = "<group>"; };
		86EC0F8038D34C787D2A729D /* ChartStudioView.swift */ = {isa = PBXFileReference; lastKnownFileType = sourcecode.swift; path = ChartStudioView.swift; sourceTree = "<group>"; };
		893FBBAA69ABDE7B5D03BDA9 /* InkInterop.swift */ = {isa = PBXFileReference; lastKnownFileType = sourcecode.swift; path = InkInterop.swift; sourceTree = "<group>"; };
		8FEF2B249C62AD4AE2E3C246 /* AudioRecorderManager.swift */ = {isa = PBXFileReference; lastKnownFileType = sourcecode.swift; path = AudioRecorderManager.swift; sourceTree = "<group>"; };
		9DEABFE677080C2925F1968D /* Assets.xcassets */ = {isa = PBXFileReference; lastKnownFileType = folder.assetcatalog; path = Assets.xcassets; sourceTree = "<group>"; };
		9E0D4938AD7ED09F531105A2 /* NotebookEditorView.swift */ = {isa = PBXFileReference; lastKnownFileType = sourcecode.swift; path = NotebookEditorView.swift; sourceTree = "<group>"; };
		A351D8EB2219ECF83FF78645 /* AssetLibraryView.swift */ = {isa = PBXFileReference; lastKnownFileType = sourcecode.swift; path = AssetLibraryView.swift; sourceTree = "<group>"; };
		A94975999121E1FFF8139B6A /* FloatingPanel.swift */ = {isa = PBXFileReference; lastKnownFileType = sourcecode.swift; path = FloatingPanel.swift; sourceTree = "<group>"; };
		AB04C4FA3426304F705E5046 /* HomeWorkbenchUsage.swift */ = {isa = PBXFileReference; lastKnownFileType = sourcecode.swift; path = HomeWorkbenchUsage.swift; sourceTree = "<group>"; };
		B7FE882F90D6ABA99E0820BF /* Docs */ = {isa = PBXFileReference; lastKnownFileType = folder; name = Docs; path = Resources/Docs; sourceTree = SOURCE_ROOT; };
		C72410287ED6D6BF9B550D5B /* NotebookStore.swift */ = {isa = PBXFileReference; lastKnownFileType = sourcecode.swift; path = NotebookStore.swift; sourceTree = "<group>"; };
		D059ACC4F96D906F5A18970D /* AppVersion.swift */ = {isa = PBXFileReference; lastKnownFileType = sourcecode.swift; path = AppVersion.swift; sourceTree = "<group>"; };
		DA24513DE1A6A5996FB190AC /* AssetLibraryManager.swift */ = {isa = PBXFileReference; lastKnownFileType = sourcecode.swift; path = AssetLibraryManager.swift; sourceTree = "<group>"; };
		DC2F0D7F265BF495CF6D7B79 /* ThemeSpecificToolsView.swift */ = {isa = PBXFileReference; lastKnownFileType = sourcecode.swift; path = ThemeSpecificToolsView.swift; sourceTree = "<group>"; };
		DC6D1F547D3EA6FBF9266760 /* SmokeUITests.swift */ = {isa = PBXFileReference; lastKnownFileType = sourcecode.swift; path = SmokeUITests.swift; sourceTree = "<group>"; };
		DC7046379C24B0D590B6F0E8 /* ToolbarSeparator.swift */ = {isa = PBXFileReference; lastKnownFileType = sourcecode.swift; path = ToolbarSeparator.swift; sourceTree = "<group>"; };
		E7BBB164B4ED22BB56939A40 /* ExportPrintManager.swift */ = {isa = PBXFileReference; lastKnownFileType = sourcecode.swift; path = ExportPrintManager.swift; sourceTree = "<group>"; };
		EE3F4D9B18C940D7D37A888E /* KairumoTests.xctest */ = {isa = PBXFileReference; includeInIndex = 0; lastKnownFileType = wrapper.cfbundle; path = KairumoTests.xctest; sourceTree = BUILT_PRODUCTS_DIR; };
		F30959766B1D00F248AD7D2D /* WordTextStudioView.swift */ = {isa = PBXFileReference; lastKnownFileType = sourcecode.swift; path = WordTextStudioView.swift; sourceTree = "<group>"; };
		F65D4DD5D5DF9A56132D032E /* LocalizationStrings.generated.swift */ = {isa = PBXFileReference; lastKnownFileType = sourcecode.swift; path = LocalizationStrings.generated.swift; sourceTree = "<group>"; };
/* End PBXFileReference section */

/* Begin PBXFrameworksBuildPhase section */
		BDF231B4E97180F4659EA861 /* Frameworks */ = {
			isa = PBXFrameworksBuildPhase;
			buildActionMask = 2147483647;
			files = (
				A63608E6DD600F35CB565FE4 /* PadnoteCore.xcframework in Frameworks */,
			);
			runOnlyForDeploymentPostprocessing = 0;
		};
/* End PBXFrameworksBuildPhase section */

/* Begin PBXGroup section */
		07AEA3051AAD14D8367E5D1A /* Generated */ = {
			isa = PBXGroup;
			children = (
				28A8E33C21E81EED174CEBA3 /* padnote_core.swift */,
			);
			path = Generated;
			sourceTree = "<group>";
		};
		1F93ED97981F21F996EF3DA0 /* Products */ = {
			isa = PBXGroup;
			children = (
				625C3383D7E7C3F1B7A6D1F1 /* Kairumo.app */,
				EE3F4D9B18C940D7D37A888E /* KairumoTests.xctest */,
				68513B13585ABBABB6573267 /* KairumoUITests.xctest */,
			);
			name = Products;
			sourceTree = "<group>";
		};
		37B5B8BF5CE7D40051617B74 /* Tests */ = {
			isa = PBXGroup;
			children = (
				691C8F15D077838E27650DFC /* InkInteropTests.swift */,
			);
			path = Tests;
			sourceTree = "<group>";
		};
		7D3DF22B3FEC4288146A9780 /* UITests */ = {
			isa = PBXGroup;
			children = (
				DC6D1F547D3EA6FBF9266760 /* SmokeUITests.swift */,
			);
			path = UITests;
			sourceTree = "<group>";
		};
		B4C83A5E69DB56E9D3761F3B = {
			isa = PBXGroup;
			children = (
				9DEABFE677080C2925F1968D /* Assets.xcassets */,
				B7FE882F90D6ABA99E0820BF /* Docs */,
				D6E56CB73EE4D2B95BAA4723 /* Examples */,
				07AEA3051AAD14D8367E5D1A /* Generated */,
				FE24CD0F7EA498AAB508EE5E /* Sources */,
				37B5B8BF5CE7D40051617B74 /* Tests */,
				7D3DF22B3FEC4288146A9780 /* UITests */,
				EA32A1B532F499DEC0425B81 /* Frameworks */,
				1F93ED97981F21F996EF3DA0 /* Products */,
			);
			sourceTree = "<group>";
		};
		D6E56CB73EE4D2B95BAA4723 /* Examples */ = {
			isa = PBXGroup;
			children = (
				AB04C4FA3426304F705E5046 /* HomeWorkbenchUsage.swift */,
			);
			path = Examples;
			sourceTree = "<group>";
		};
		EA32A1B532F499DEC0425B81 /* Frameworks */ = {
			isa = PBXGroup;
			children = (
				7245DE41B9104E9F47F0C21B /* PadnoteCore.xcframework */,
			);
			name = Frameworks;
			sourceTree = "<group>";
		};
		FE24CD0F7EA498AAB508EE5E /* Sources */ = {
			isa = PBXGroup;
			children = (
				76577BBB3DC564A4B287380C /* AccountManager.swift */,
				D059ACC4F96D906F5A18970D /* AppVersion.swift */,
				DA24513DE1A6A5996FB190AC /* AssetLibraryManager.swift */,
				A351D8EB2219ECF83FF78645 /* AssetLibraryView.swift */,
				8FEF2B249C62AD4AE2E3C246 /* AudioRecorderManager.swift */,
				5B72B2C88A99AD52C89B0787 /* CanvasScrollbar.swift */,
				86EC0F8038D34C787D2A729D /* ChartStudioView.swift */,
				44D061C8E2977FB257C12E81 /* CollaborationManager.swift */,
				0FF2EC412BA37683FBBE2FC1 /* CollaborationSheet.swift */,
				205572122F598A01BD07BC2A /* CommentThreadView.swift */,
				26F09C378F9F1B6835D9ECB2 /* CStubs.c */,
				59E46CD750DA486212251DC0 /* DocumentViewerSheet.swift */,
				E7BBB164B4ED22BB56939A40 /* ExportPrintManager.swift */,
				A94975999121E1FFF8139B6A /* FloatingPanel.swift */,
				236D7B7260C10A27D9EA3771 /* HomeWorkbenchView.swift */,
				29BFE1D24D00A1328C62BA89 /* ImageEditControls.swift */,
				893FBBAA69ABDE7B5D03BDA9 /* InkInterop.swift */,
				0B829DBCA4D5374715A49087 /* LinkPreviewEngine.swift */,
				7617B23BC996C4B427F52EB4 /* LocalizationManager.swift */,
				F65D4DD5D5DF9A56132D032E /* LocalizationStrings.generated.swift */,
				0FFA100928CD3224E43D7382 /* LocalRelayServer.swift */,
				51E8541179F28A49C13A1967 /* MaterialEngine.swift */,
				5DEEDC3EBFC3C910FFC5735C /* MathCalculatorSheet.swift */,
				3E642D648CC5479DA382CE35 /* MathEngine.swift */,
				61D0BC500318C879D185099E /* Model3DStudioView.swift */,
				9E0D4938AD7ED09F531105A2 /* NotebookEditorView.swift */,
				C72410287ED6D6BF9B550D5B /* NotebookStore.swift */,
				02895D54063C3AA4B5D30463 /* PageThumbnailRenderer.swift */,
				824AF14643DF914996543B0B /* ProColorPickerSheet.swift */,
				3D05E57F469CF735B91FC514 /* SketchRefineEngine.swift */,
				DC2F0D7F265BF495CF6D7B79 /* ThemeSpecificToolsView.swift */,
				DC7046379C24B0D590B6F0E8 /* ToolbarSeparator.swift */,
				F30959766B1D00F248AD7D2D /* WordTextStudioView.swift */,
				6EA2D926C0FD0991AE0BC01D /* WrapLayout.swift */,
			);
			path = Sources;
			sourceTree = "<group>";
		};
/* End PBXGroup section */

/* Begin PBXNativeTarget section */
		1C2549A2B1BF63595E246D97 /* Kairumo */ = {
			isa = PBXNativeTarget;
			buildConfigurationList = F345055BC6733DA8C8AACEEB /* Build configuration list for PBXNativeTarget "Kairumo" */;
			buildPhases = (
				98C08BF10747CDA04D7367C8 /* Sources */,
				5B8F8427DD31427BE6752B87 /* Resources */,
				BDF231B4E97180F4659EA861 /* Frameworks */,
			);
			buildRules = (
			);
			dependencies = (
			);
			name = Kairumo;
			packageProductDependencies = (
			);
			productName = Kairumo;
			productReference = 625C3383D7E7C3F1B7A6D1F1 /* Kairumo.app */;
			productType = "com.apple.product-type.application";
		};
		3465F56E5A189758EFFC9047 /* KairumoUITests */ = {
			isa = PBXNativeTarget;
			buildConfigurationList = 354353588FCF4171C25E4904 /* Build configuration list for PBXNativeTarget "KairumoUITests" */;
			buildPhases = (
				7BC6B60A67FA3DACB4B7C409 /* Sources */,
			);
			buildRules = (
			);
			dependencies = (
				B53CF05FA6E893EA812863B4 /* PBXTargetDependency */,
			);
			name = KairumoUITests;
			packageProductDependencies = (
			);
			productName = KairumoUITests;
			productReference = 68513B13585ABBABB6573267 /* KairumoUITests.xctest */;
			productType = "com.apple.product-type.bundle.ui-testing";
		};
		7F1955B14385557E15DF8A34 /* KairumoTests */ = {
			isa = PBXNativeTarget;
			buildConfigurationList = 06C457184D16CE660856A6BC /* Build configuration list for PBXNativeTarget "KairumoTests" */;
			buildPhases = (
				0613935A6D382A416106394E /* Sources */,
			);
			buildRules = (
			);
			dependencies = (
				E98C1D3FCFB7360BB5E3B9D0 /* PBXTargetDependency */,
			);
			name = KairumoTests;
			packageProductDependencies = (
			);
			productName = KairumoTests;
			productReference = EE3F4D9B18C940D7D37A888E /* KairumoTests.xctest */;
			productType = "com.apple.product-type.bundle.unit-test";
		};
/* End PBXNativeTarget section */

/* Begin PBXProject section */
		0DA6FA8514EC791DE3C48575 /* Project object */ = {
			isa = PBXProject;
			attributes = {
				BuildIndependentTargetsInParallel = YES;
				LastUpgradeCheck = 1430;
				TargetAttributes = {
					1C2549A2B1BF63595E246D97 = {
						DevelopmentTeam = 6UJ8GS752W;
					};
					3465F56E5A189758EFFC9047 = {
						DevelopmentTeam = 6UJ8GS752W;
						TestTargetID = 1C2549A2B1BF63595E246D97;
					};
					7F1955B14385557E15DF8A34 = {
						DevelopmentTeam = 6UJ8GS752W;
					};
				};
			};
			buildConfigurationList = 2ADBF5A47BC781F7A576761E /* Build configuration list for PBXProject "Kairumo" */;
			developmentRegion = en;
			hasScannedForEncodings = 0;
			knownRegions = (
				Base,
				en,
			);
			mainGroup = B4C83A5E69DB56E9D3761F3B;
			minimizedProjectReferenceProxies = 1;
			preferredProjectObjectVersion = 77;
			productRefGroup = 1F93ED97981F21F996EF3DA0 /* Products */;
			projectDirPath = "";
			projectRoot = "";
			targets = (
				1C2549A2B1BF63595E246D97 /* Kairumo */,
				7F1955B14385557E15DF8A34 /* KairumoTests */,
				3465F56E5A189758EFFC9047 /* KairumoUITests */,
			);
		};
/* End PBXProject section */

/* Begin PBXResourcesBuildPhase section */
		5B8F8427DD31427BE6752B87 /* Resources */ = {
			isa = PBXResourcesBuildPhase;
			buildActionMask = 2147483647;
			files = (
				EB15B2D411DC5BA9B5335B94 /* Assets.xcassets in Resources */,
				B461E05D52232C76413B2DB2 /* Docs in Resources */,
			);
			runOnlyForDeploymentPostprocessing = 0;
		};
/* End PBXResourcesBuildPhase section */

/* Begin PBXSourcesBuildPhase section */
		0613935A6D382A416106394E /* Sources */ = {
			isa = PBXSourcesBuildPhase;
			buildActionMask = 2147483647;
			files = (
				C9792F66F734F3441E471BE4 /* InkInteropTests.swift in Sources */,
			);
			runOnlyForDeploymentPostprocessing = 0;
		};
		7BC6B60A67FA3DACB4B7C409 /* Sources */ = {
			isa = PBXSourcesBuildPhase;
			buildActionMask = 2147483647;
			files = (
				613D0C4337E03D7899725FA7 /* SmokeUITests.swift in Sources */,
			);
			runOnlyForDeploymentPostprocessing = 0;
		};
		98C08BF10747CDA04D7367C8 /* Sources */ = {
			isa = PBXSourcesBuildPhase;
			buildActionMask = 2147483647;
			files = (
				C1A7C585E17B35EF60632C65 /* AccountManager.swift in Sources */,
				BBA43DAF3585326259C48FE6 /* AppVersion.swift in Sources */,
				F76FDF83828E35E26345DCF5 /* AssetLibraryManager.swift in Sources */,
				31303FA237927EC5B53EFE38 /* AssetLibraryView.swift in Sources */,
				7DB76F0C390DA40B48AC10F9 /* AudioRecorderManager.swift in Sources */,
				68C1811CB88877353FF14D31 /* CStubs.c in Sources */,
				57C009B329081703B31BB1EE /* CanvasScrollbar.swift in Sources */,
				C54CB75E7D13D0F98B966CC0 /* ChartStudioView.swift in Sources */,
				EBB0282BC8BEC636B952FE2C /* CollaborationManager.swift in Sources */,
				6142C12FB584E6D8D7B38221 /* CollaborationSheet.swift in Sources */,
				95A26994BC9D5BCCF7291E2F /* CommentThreadView.swift in Sources */,
				7B6B71CF69CE9F1C2CB2E953 /* DocumentViewerSheet.swift in Sources */,
				643674D7CEE546261D15F308 /* ExportPrintManager.swift in Sources */,
				FDBFCB97F11915C9DA8EA7A9 /* FloatingPanel.swift in Sources */,
				023C029A763DC77377F7804E /* HomeWorkbenchUsage.swift in Sources */,
				B3DFF4CFC65E91FEEA6AA7B4 /* HomeWorkbenchView.swift in Sources */,
				9BCE1D88DD79DE3FD381D46D /* ImageEditControls.swift in Sources */,
				04A2C2BA6EE78D99402F87AD /* InkInterop.swift in Sources */,
				723A25DA76A24DB5650DCDAA /* LinkPreviewEngine.swift in Sources */,
				9F604F0E1403CBF029FDB93A /* LocalRelayServer.swift in Sources */,
				1E1747CEA9F8FB95CC222C4A /* LocalizationManager.swift in Sources */,
				B09B7D4D3FA9CB33C0E89FE0 /* LocalizationStrings.generated.swift in Sources */,
				AFF32DB932FC4031A86B8F57 /* MaterialEngine.swift in Sources */,
				4E956F4EA57EA9FAED4B8EEB /* MathCalculatorSheet.swift in Sources */,
				FC1A97633808D861B89FE967 /* MathEngine.swift in Sources */,
				EE282DFD419D4B01DE647AC2 /* Model3DStudioView.swift in Sources */,
				880DCFF8C76BF936EADB63DF /* NotebookEditorView.swift in Sources */,
				F582ACE682ECDB8D43C78140 /* NotebookStore.swift in Sources */,
				2823612B8F3A376A45042712 /* PageThumbnailRenderer.swift in Sources */,
				891B35800C7FEFD3421B7293 /* ProColorPickerSheet.swift in Sources */,
				CF102CC89EA1C12A585B1C6C /* SketchRefineEngine.swift in Sources */,
				DA9086448B1E257FEC002D07 /* ThemeSpecificToolsView.swift in Sources */,
				D259D790432BD38F30537209 /* ToolbarSeparator.swift in Sources */,
				7BF616F79113EDEF36132B11 /* WordTextStudioView.swift in Sources */,
				FE7819F27B65DF1C258ED52E /* WrapLayout.swift in Sources */,
				4778715DC0B3FB2B8CAB004B /* padnote_core.swift in Sources */,
			);
			runOnlyForDeploymentPostprocessing = 0;
		};
/* End PBXSourcesBuildPhase section */

/* Begin PBXTargetDependency section */
		B53CF05FA6E893EA812863B4 /* PBXTargetDependency */ = {
			isa = PBXTargetDependency;
			target = 1C2549A2B1BF63595E246D97 /* Kairumo */;
			targetProxy = 26183387B2FD0219EE13CF0C /* PBXContainerItemProxy */;
		};
		E98C1D3FCFB7360BB5E3B9D0 /* PBXTargetDependency */ = {
			isa = PBXTargetDependency;
			target = 1C2549A2B1BF63595E246D97 /* Kairumo */;
			targetProxy = 3AAF567082E0ECA079E333F2 /* PBXContainerItemProxy */;
		};
/* End PBXTargetDependency section */

/* Begin XCBuildConfiguration section */
		01D0ADD488FC3DDC8F5B9FD3 /* Release */ = {
			isa = XCBuildConfiguration;
			buildSettings = {
				ALWAYS_SEARCH_USER_PATHS = NO;
				CLANG_ANALYZER_NONNULL = YES;
				CLANG_ANALYZER_NUMBER_OBJECT_CONVERSION = YES_AGGRESSIVE;
				CLANG_CXX_LANGUAGE_STANDARD = "gnu++14";
				CLANG_CXX_LIBRARY = "libc++";
				CLANG_ENABLE_MODULES = YES;
				CLANG_ENABLE_OBJC_ARC = YES;
				CLANG_ENABLE_OBJC_WEAK = YES;
				CLANG_WARN_BLOCK_CAPTURE_AUTORELEASING = YES;
				CLANG_WARN_BOOL_CONVERSION = YES;
				CLANG_WARN_COMMA = YES;
				CLANG_WARN_CONSTANT_CONVERSION = YES;
				CLANG_WARN_DEPRECATED_OBJC_IMPLEMENTATIONS = YES;
				CLANG_WARN_DIRECT_OBJC_ISA_USAGE = YES_ERROR;
				CLANG_WARN_DOCUMENTATION_COMMENTS = YES;
				CLANG_WARN_EMPTY_BODY = YES;
				CLANG_WARN_ENUM_CONVERSION = YES;
				CLANG_WARN_INFINITE_RECURSION = YES;
				CLANG_WARN_INT_CONVERSION = YES;
				CLANG_WARN_NON_LITERAL_NULL_CONVERSION = YES;
				CLANG_WARN_OBJC_IMPLICIT_RETAIN_SELF = YES;
				CLANG_WARN_OBJC_LITERAL_CONVERSION = YES;
				CLANG_WARN_OBJC_ROOT_CLASS = YES_ERROR;
				CLANG_WARN_QUOTED_INCLUDE_IN_FRAMEWORK_HEADER = YES;
				CLANG_WARN_RANGE_LOOP_ANALYSIS = YES;
				CLANG_WARN_STRICT_PROTOTYPES = YES;
				CLANG_WARN_SUSPICIOUS_MOVE = YES;
				CLANG_WARN_UNGUARDED_AVAILABILITY = YES_AGGRESSIVE;
				CLANG_WARN_UNREACHABLE_CODE = YES;
				CLANG_WARN__DUPLICATE_METHOD_MATCH = YES;
				COPY_PHASE_STRIP = NO;
				DEBUG_INFORMATION_FORMAT = "dwarf-with-dsym";
				ENABLE_NS_ASSERTIONS = NO;
				ENABLE_STRICT_OBJC_MSGSEND = YES;
				GCC_C_LANGUAGE_STANDARD = gnu11;
				GCC_NO_COMMON_BLOCKS = YES;
				GCC_WARN_64_TO_32_BIT_CONVERSION = YES;
				GCC_WARN_ABOUT_RETURN_TYPE = YES_ERROR;
				GCC_WARN_UNDECLARED_SELECTOR = YES;
				GCC_WARN_UNINITIALIZED_AUTOS = YES_AGGRESSIVE;
				GCC_WARN_UNUSED_FUNCTION = YES;
				GCC_WARN_UNUSED_VARIABLE = YES;
				IPHONEOS_DEPLOYMENT_TARGET = 16.0;
				MTL_ENABLE_DEBUG_INFO = NO;
				MTL_FAST_MATH = YES;
				PRODUCT_NAME = "$(TARGET_NAME)";
				SDKROOT = iphoneos;
				SWIFT_COMPILATION_MODE = wholemodule;
				SWIFT_OPTIMIZATION_LEVEL = "-O";
				SWIFT_VERSION = 5.0;
			};
			name = Release;
		};
		0401AC436B12F1D361AA9001 /* Release */ = {
			isa = XCBuildConfiguration;
			buildSettings = {
				BUNDLE_LOADER = "$(TEST_HOST)";
				DEVELOPMENT_TEAM = 6UJ8GS752W;
				GENERATE_INFOPLIST_FILE = YES;
				LD_RUNPATH_SEARCH_PATHS = (
					"$(inherited)",
					"@executable_path/Frameworks",
					"@loader_path/Frameworks",
				);
				PRODUCT_BUNDLE_IDENTIFIER = com.kairumo.padnote.tests;
				SDKROOT = iphoneos;
				TARGETED_DEVICE_FAMILY = "1,2";
				TEST_HOST = "$(BUILT_PRODUCTS_DIR)/Kairumo.app/Kairumo";
			};
			name = Release;
		};
		589075731BD5B3FA09E56476 /* Debug */ = {
			isa = XCBuildConfiguration;
			buildSettings = {
				ALWAYS_SEARCH_USER_PATHS = NO;
				CLANG_ANALYZER_NONNULL = YES;
				CLANG_ANALYZER_NUMBER_OBJECT_CONVERSION = YES_AGGRESSIVE;
				CLANG_CXX_LANGUAGE_STANDARD = "gnu++14";
				CLANG_CXX_LIBRARY = "libc++";
				CLANG_ENABLE_MODULES = YES;
				CLANG_ENABLE_OBJC_ARC = YES;
				CLANG_ENABLE_OBJC_WEAK = YES;
				CLANG_WARN_BLOCK_CAPTURE_AUTORELEASING = YES;
				CLANG_WARN_BOOL_CONVERSION = YES;
				CLANG_WARN_COMMA = YES;
				CLANG_WARN_CONSTANT_CONVERSION = YES;
				CLANG_WARN_DEPRECATED_OBJC_IMPLEMENTATIONS = YES;
				CLANG_WARN_DIRECT_OBJC_ISA_USAGE = YES_ERROR;
				CLANG_WARN_DOCUMENTATION_COMMENTS = YES;
				CLANG_WARN_EMPTY_BODY = YES;
				CLANG_WARN_ENUM_CONVERSION = YES;
				CLANG_WARN_INFINITE_RECURSION = YES;
				CLANG_WARN_INT_CONVERSION = YES;
				CLANG_WARN_NON_LITERAL_NULL_CONVERSION = YES;
				CLANG_WARN_OBJC_IMPLICIT_RETAIN_SELF = YES;
				CLANG_WARN_OBJC_LITERAL_CONVERSION = YES;
				CLANG_WARN_OBJC_ROOT_CLASS = YES_ERROR;
				CLANG_WARN_QUOTED_INCLUDE_IN_FRAMEWORK_HEADER = YES;
				CLANG_WARN_RANGE_LOOP_ANALYSIS = YES;
				CLANG_WARN_STRICT_PROTOTYPES = YES;
				CLANG_WARN_SUSPICIOUS_MOVE = YES;
				CLANG_WARN_UNGUARDED_AVAILABILITY = YES_AGGRESSIVE;
				CLANG_WARN_UNREACHABLE_CODE = YES;
				CLANG_WARN__DUPLICATE_METHOD_MATCH = YES;
				COPY_PHASE_STRIP = NO;
				DEBUG_INFORMATION_FORMAT = dwarf;
				ENABLE_STRICT_OBJC_MSGSEND = YES;
				ENABLE_TESTABILITY = YES;
				GCC_C_LANGUAGE_STANDARD = gnu11;
				GCC_DYNAMIC_NO_PIC = NO;
				GCC_NO_COMMON_BLOCKS = YES;
				GCC_OPTIMIZATION_LEVEL = 0;
				GCC_PREPROCESSOR_DEFINITIONS = (
					"$(inherited)",
					"DEBUG=1",
				);
				GCC_WARN_64_TO_32_BIT_CONVERSION = YES;
				GCC_WARN_ABOUT_RETURN_TYPE = YES_ERROR;
				GCC_WARN_UNDECLARED_SELECTOR = YES;
				GCC_WARN_UNINITIALIZED_AUTOS = YES_AGGRESSIVE;
				GCC_WARN_UNUSED_FUNCTION = YES;
				GCC_WARN_UNUSED_VARIABLE = YES;
				IPHONEOS_DEPLOYMENT_TARGET = 16.0;
				MTL_ENABLE_DEBUG_INFO = INCLUDE_SOURCE;
				MTL_FAST_MATH = YES;
				ONLY_ACTIVE_ARCH = YES;
				PRODUCT_NAME = "$(TARGET_NAME)";
				SDKROOT = iphoneos;
				SWIFT_ACTIVE_COMPILATION_CONDITIONS = DEBUG;
				SWIFT_OPTIMIZATION_LEVEL = "-Onone";
				SWIFT_VERSION = 5.0;
			};
			name = Debug;
		};
		9A4BF9B04C3066A5B09D2059 /* Debug */ = {
			isa = XCBuildConfiguration;
			buildSettings = {
				BUNDLE_LOADER = "$(TEST_HOST)";
				DEVELOPMENT_TEAM = 6UJ8GS752W;
				GENERATE_INFOPLIST_FILE = YES;
				LD_RUNPATH_SEARCH_PATHS = (
					"$(inherited)",
					"@executable_path/Frameworks",
					"@loader_path/Frameworks",
				);
				PRODUCT_BUNDLE_IDENTIFIER = com.kairumo.padnote.uitests;
				SDKROOT = iphoneos;
				TARGETED_DEVICE_FAMILY = "1,2";
				TEST_TARGET_NAME = Kairumo;
			};
			name = Debug;
		};
		A6C36DFF6214AE9B8CB512AB /* Debug */ = {
			isa = XCBuildConfiguration;
			buildSettings = {
				ARCHS = arm64;
				ASSETCATALOG_COMPILER_APPICON_NAME = AppIcon;
				CODE_SIGN_IDENTITY = "iPhone Developer";
				CURRENT_PROJECT_VERSION = 15;
				DEVELOPMENT_TEAM = 6UJ8GS752W;
				ENABLE_BITCODE = NO;
				FRAMEWORK_SEARCH_PATHS = (
					"$(inherited)",
					"\".\"",
				);
				GENERATE_INFOPLIST_FILE = YES;
				INFOPLIST_KEY_CFBundleDisplayName = Kairumo;
				INFOPLIST_KEY_CFBundleIconName = AppIcon;
				INFOPLIST_KEY_CFBundleShortVersionString = 2.3.4;
				INFOPLIST_KEY_CFBundleVersion = 15;
				INFOPLIST_KEY_ITSAppUsesNonExemptEncryption = NO;
				INFOPLIST_KEY_NSMicrophoneUsageDescription = "Kairumo 需要麥克風權限以進行課堂與會議錄音，並與手寫筆記同步對齊。";
				INFOPLIST_KEY_UILaunchScreen_Generation = YES;
				INFOPLIST_KEY_UISupportedInterfaceOrientations_iPad = "UIInterfaceOrientationPortrait UIInterfaceOrientationPortraitUpsideDown UIInterfaceOrientationLandscapeLeft UIInterfaceOrientationLandscapeRight";
				INFOPLIST_KEY_UISupportedInterfaceOrientations_iPhone = "UIInterfaceOrientationPortrait UIInterfaceOrientationLandscapeLeft UIInterfaceOrientationLandscapeRight";
				IPHONEOS_DEPLOYMENT_TARGET = 16.0;
				LD_RUNPATH_SEARCH_PATHS = (
					"$(inherited)",
					"@executable_path/Frameworks",
				);
				MARKETING_VERSION = 2.3.4;
				PRODUCT_BUNDLE_IDENTIFIER = com.kairumo.padnote;
				PRODUCT_NAME = Kairumo;
				SDKROOT = iphoneos;
				SUPPORTS_MACCATALYST = YES;
				SWIFT_VERSION = 5.0;
				TARGETED_DEVICE_FAMILY = "1,2,6";
			};
			name = Debug;
		};
		BADEF4C07CF4149C958F6329 /* Release */ = {
			isa = XCBuildConfiguration;
			buildSettings = {
				BUNDLE_LOADER = "$(TEST_HOST)";
				DEVELOPMENT_TEAM = 6UJ8GS752W;
				GENERATE_INFOPLIST_FILE = YES;
				LD_RUNPATH_SEARCH_PATHS = (
					"$(inherited)",
					"@executable_path/Frameworks",
					"@loader_path/Frameworks",
				);
				PRODUCT_BUNDLE_IDENTIFIER = com.kairumo.padnote.uitests;
				SDKROOT = iphoneos;
				TARGETED_DEVICE_FAMILY = "1,2";
				TEST_TARGET_NAME = Kairumo;
			};
			name = Release;
		};
		C3B90F179C795F8F3FCC68F4 /* Debug */ = {
			isa = XCBuildConfiguration;
			buildSettings = {
				BUNDLE_LOADER = "$(TEST_HOST)";
				DEVELOPMENT_TEAM = 6UJ8GS752W;
				GENERATE_INFOPLIST_FILE = YES;
				LD_RUNPATH_SEARCH_PATHS = (
					"$(inherited)",
					"@executable_path/Frameworks",
					"@loader_path/Frameworks",
				);
				PRODUCT_BUNDLE_IDENTIFIER = com.kairumo.padnote.tests;
				SDKROOT = iphoneos;
				TARGETED_DEVICE_FAMILY = "1,2";
				TEST_HOST = "$(BUILT_PRODUCTS_DIR)/Kairumo.app/Kairumo";
			};
			name = Debug;
		};
		D40BC10D8EF7763B93420CA9 /* Release */ = {
			isa = XCBuildConfiguration;
			buildSettings = {
				ARCHS = arm64;
				ASSETCATALOG_COMPILER_APPICON_NAME = AppIcon;
				CODE_SIGN_IDENTITY = "iPhone Developer";
				CURRENT_PROJECT_VERSION = 15;
				DEVELOPMENT_TEAM = 6UJ8GS752W;
				ENABLE_BITCODE = NO;
				FRAMEWORK_SEARCH_PATHS = (
					"$(inherited)",
					"\".\"",
				);
				GENERATE_INFOPLIST_FILE = YES;
				INFOPLIST_KEY_CFBundleDisplayName = Kairumo;
				INFOPLIST_KEY_CFBundleIconName = AppIcon;
				INFOPLIST_KEY_CFBundleShortVersionString = 2.3.4;
				INFOPLIST_KEY_CFBundleVersion = 15;
				INFOPLIST_KEY_ITSAppUsesNonExemptEncryption = NO;
				INFOPLIST_KEY_NSMicrophoneUsageDescription = "Kairumo 需要麥克風權限以進行課堂與會議錄音，並與手寫筆記同步對齊。";
				INFOPLIST_KEY_UILaunchScreen_Generation = YES;
				INFOPLIST_KEY_UISupportedInterfaceOrientations_iPad = "UIInterfaceOrientationPortrait UIInterfaceOrientationPortraitUpsideDown UIInterfaceOrientationLandscapeLeft UIInterfaceOrientationLandscapeRight";
				INFOPLIST_KEY_UISupportedInterfaceOrientations_iPhone = "UIInterfaceOrientationPortrait UIInterfaceOrientationLandscapeLeft UIInterfaceOrientationLandscapeRight";
				IPHONEOS_DEPLOYMENT_TARGET = 16.0;
				LD_RUNPATH_SEARCH_PATHS = (
					"$(inherited)",
					"@executable_path/Frameworks",
				);
				MARKETING_VERSION = 2.3.4;
				PRODUCT_BUNDLE_IDENTIFIER = com.kairumo.padnote;
				PRODUCT_NAME = Kairumo;
				SDKROOT = iphoneos;
				SUPPORTS_MACCATALYST = YES;
				SWIFT_VERSION = 5.0;
				TARGETED_DEVICE_FAMILY = "1,2,6";
			};
			name = Release;
		};
/* End XCBuildConfiguration section */

/* Begin XCConfigurationList section */
		06C457184D16CE660856A6BC /* Build configuration list for PBXNativeTarget "KairumoTests" */ = {
			isa = XCConfigurationList;
			buildConfigurations = (
				C3B90F179C795F8F3FCC68F4 /* Debug */,
				0401AC436B12F1D361AA9001 /* Release */,
			);
			defaultConfigurationIsVisible = 0;
			defaultConfigurationName = Debug;
		};
		2ADBF5A47BC781F7A576761E /* Build configuration list for PBXProject "Kairumo" */ = {
			isa = XCConfigurationList;
			buildConfigurations = (
				589075731BD5B3FA09E56476 /* Debug */,
				01D0ADD488FC3DDC8F5B9FD3 /* Release */,
			);
			defaultConfigurationIsVisible = 0;
			defaultConfigurationName = Debug;
		};
		354353588FCF4171C25E4904 /* Build configuration list for PBXNativeTarget "KairumoUITests" */ = {
			isa = XCConfigurationList;
			buildConfigurations = (
				9A4BF9B04C3066A5B09D2059 /* Debug */,
				BADEF4C07CF4149C958F6329 /* Release */,
			);
			defaultConfigurationIsVisible = 0;
			defaultConfigurationName = Debug;
		};
		F345055BC6733DA8C8AACEEB /* Build configuration list for PBXNativeTarget "Kairumo" */ = {
			isa = XCConfigurationList;
			buildConfigurations = (
				A6C36DFF6214AE9B8CB512AB /* Debug */,
				D40BC10D8EF7763B93420CA9 /* Release */,
			);
			defaultConfigurationIsVisible = 0;
			defaultConfigurationName = Debug;
		};
/* End XCConfigurationList section */
	};
	rootObject = 0DA6FA8514EC791DE3C48575 /* Project object */;
}
